// !$*UTF8*$!
{
	archiveVersion = 1;
	classes = {
	};
	objectVersion = 46;
	objects = {

/* Begin PBXBuildFile section */
		6FFFCBC71C64352300C147F2 /* DDPExponentialBackoff.swift in Sources */ = {isa = PBXBuildFile; fileRef = 6FFFCBC61C64352300C147F2 /* DDPExponentialBackoff.swift */; };
		AA0D2AC61D6BEEC700085B33 /* SwiftDDP-tvOS.h in Headers */ = {isa = PBXBuildFile; fileRef = AA0D2AC51D6BEEC700085B33 /* SwiftDDP-tvOS.h */; settings = {ATTRIBUTES = (Public, ); }; };
		AA0D2ACB1D6BF0F500085B33 /* DDPExponentialBackoff.swift in Sources */ = {isa = PBXBuildFile; fileRef = 6FFFCBC61C64352300C147F2 /* DDPExponentialBackoff.swift */; };
		AA0D2ACC1D6BF0F500085B33 /* DDPClient.swift in Sources */ = {isa = PBXBuildFile; fileRef = D02A720B1BBEFCD200940C17 /* DDPClient.swift */; };
		AA0D2ACD1D6BF0F500085B33 /* DDPEvents.swift in Sources */ = {isa = PBXBuildFile; fileRef = D02A720E1BBEFCD300940C17 /* DDPEvents.swift */; };
		AA0D2ACE1D6BF0F500085B33 /* DDPCompletion.swift in Sources */ = {isa = PBXBuildFile; fileRef = D04D0DAA1C21ADF9000244D6 /* DDPCompletion.swift */; };
		AA0D2ACF1D6BF0F500085B33 /* DDPMessage.swift in Sources */ = {isa = PBXBuildFile; fileRef = D02A720C1BBEFCD300940C17 /* DDPMessage.swift */; };
		AA0D2AD01D6BF0F500085B33 /* DDPExtensions.swift in Sources */ = {isa = PBXBuildFile; fileRef = D02A720D1BBEFCD300940C17 /* DDPExtensions.swift */; };
		AA0D2AD11D6BF0F500085B33 /* DDPMethodResult.swift in Sources */ = {isa = PBXBuildFile; fileRef = D02B30821BDA8E2200E1DB72 /* DDPMethodResult.swift */; };
		AA0D2AD21D6BF0F500085B33 /* DDPUtilities.swift in Sources */ = {isa = PBXBuildFile; fileRef = D0D724611C4E7FBA00EE91DC /* DDPUtilities.swift */; };
		AA0D2AD31D6BF0F500085B33 /* Meteor.swift in Sources */ = {isa = PBXBuildFile; fileRef = D0C71B551BC172F40089B6CE /* Meteor.swift */; };
		AA0D2AD41D6BF0F500085B33 /* AbstractCollection.swift in Sources */ = {isa = PBXBuildFile; fileRef = D0339DD11C00DA6100A17DEB /* AbstractCollection.swift */; };
		AA0D2AD51D6BF0F500085B33 /* MeteorCollection.swift in Sources */ = {isa = PBXBuildFile; fileRef = D0339DD31C00DAB000A17DEB /* MeteorCollection.swift */; };
		AA0D2AD61D6BF0F500085B33 /* MeteorDocument.swift in Sources */ = {isa = PBXBuildFile; fileRef = D04D0DB81C21D489000244D6 /* MeteorDocument.swift */; };
		AA0D2ADA1D6BF0F500085B33 /* EJSON.swift in Sources */ = {isa = PBXBuildFile; fileRef = D0F6C99C1BFFA04600A6CB70 /* EJSON.swift */; };
		AA0D2AE01D6BF18700085B33 /* XCGLogger.framework in Frameworks */ = {isa = PBXBuildFile; fileRef = AA0D2ADB1D6BF18700085B33 /* XCGLogger.framework */; };
		AA0D2AE11D6BF18700085B33 /* SwiftWebSocket.framework in Frameworks */ = {isa = PBXBuildFile; fileRef = AA0D2ADC1D6BF18700085B33 /* SwiftWebSocket.framework */; };
		AA0D2AE41D6BF18700085B33 /* CryptoSwift.framework in Frameworks */ = {isa = PBXBuildFile; fileRef = AA0D2ADF1D6BF18700085B33 /* CryptoSwift.framework */; };
		AAFDED3F1D6BF984000583AA /* SwiftDDP-OSX.h in Headers */ = {isa = PBXBuildFile; fileRef = AAFDED3E1D6BF984000583AA /* SwiftDDP-OSX.h */; settings = {ATTRIBUTES = (Public, ); }; };
		AD93F6DC2196B5A5006BCCC8 /* SwiftDDPFramework.h in Headers */ = {isa = PBXBuildFile; fileRef = AD93F6DA2196B5A5006BCCC8 /* SwiftDDPFramework.h */; settings = {ATTRIBUTES = (Public, ); }; };
		AD93F71B2196B7BA006BCCC8 /* SwiftDDPTouch.h in Headers */ = {isa = PBXBuildFile; fileRef = AD93F7192196B7BA006BCCC8 /* SwiftDDPTouch.h */; settings = {ATTRIBUTES = (Public, ); }; };
		ADF2F0BE2196C60F00A671F2 /* DDPCompletion.swift in Sources */ = {isa = PBXBuildFile; fileRef = D04D0DAA1C21ADF9000244D6 /* DDPCompletion.swift */; };
		ADF2F0BF2196C60F00A671F2 /* DDPClient.swift in Sources */ = {isa = PBXBuildFile; fileRef = D02A720B1BBEFCD200940C17 /* DDPClient.swift */; };
		ADF2F0C02196C60F00A671F2 /* EJSON.swift in Sources */ = {isa = PBXBuildFile; fileRef = D0F6C99C1BFFA04600A6CB70 /* EJSON.swift */; };
		ADF2F0C12196C60F00A671F2 /* MeteorCollection.swift in Sources */ = {isa = PBXBuildFile; fileRef = D0339DD31C00DAB000A17DEB /* MeteorCollection.swift */; };
		ADF2F0C22196C60F00A671F2 /* DDPMethodResult.swift in Sources */ = {isa = PBXBuildFile; fileRef = D02B30821BDA8E2200E1DB72 /* DDPMethodResult.swift */; };
		ADF2F0C32196C60F00A671F2 /* AbstractCollection.swift in Sources */ = {isa = PBXBuildFile; fileRef = D0339DD11C00DA6100A17DEB /* AbstractCollection.swift */; };
		ADF2F0C42196C60F00A671F2 /* DDPMessage.swift in Sources */ = {isa = PBXBuildFile; fileRef = D02A720C1BBEFCD300940C17 /* DDPMessage.swift */; };
		ADF2F0C52196C60F00A671F2 /* DDPUtilities.swift in Sources */ = {isa = PBXBuildFile; fileRef = D0D724611C4E7FBA00EE91DC /* DDPUtilities.swift */; };
		ADF2F0C62196C60F00A671F2 /* MeteorDocument.swift in Sources */ = {isa = PBXBuildFile; fileRef = D04D0DB81C21D489000244D6 /* MeteorDocument.swift */; };
		ADF2F0C72196C60F00A671F2 /* DDPExtensions.swift in Sources */ = {isa = PBXBuildFile; fileRef = D02A720D1BBEFCD300940C17 /* DDPExtensions.swift */; };
		ADF2F0C82196C60F00A671F2 /* DDPExponentialBackoff.swift in Sources */ = {isa = PBXBuildFile; fileRef = 6FFFCBC61C64352300C147F2 /* DDPExponentialBackoff.swift */; };
		ADF2F0C92196C60F00A671F2 /* Meteor.swift in Sources */ = {isa = PBXBuildFile; fileRef = D0C71B551BC172F40089B6CE /* Meteor.swift */; };
		ADF2F0CA2196C60F00A671F2 /* DDPEvents.swift in Sources */ = {isa = PBXBuildFile; fileRef = D02A720E1BBEFCD300940C17 /* DDPEvents.swift */; };
		ADF2F0CC2196C60F00A671F2 /* CryptoSwift.framework in Frameworks */ = {isa = PBXBuildFile; fileRef = D02A72271BBF01E900940C17 /* CryptoSwift.framework */; };
		ADF2F0CD2196C60F00A671F2 /* SwiftWebSocket.framework in Frameworks */ = {isa = PBXBuildFile; fileRef = D02A72291BBF01ED00940C17 /* SwiftWebSocket.framework */; };
		ADF2F0CE2196C60F00A671F2 /* XCGLogger.framework in Frameworks */ = {isa = PBXBuildFile; fileRef = D02A722B1BBF01EF00940C17 /* XCGLogger.framework */; };
		ADF2F0D32196C60F00A671F2 /* CryptoSwift.framework.dSYM in CopyFiles */ = {isa = PBXBuildFile; fileRef = D02A722E1BBF02AA00940C17 /* CryptoSwift.framework.dSYM */; };
		ADF2F0D42196C60F00A671F2 /* SwiftWebSocket.framework.dSYM in CopyFiles */ = {isa = PBXBuildFile; fileRef = D02A72301BBF02B400940C17 /* SwiftWebSocket.framework.dSYM */; };
		ADF2F0D52196C60F00A671F2 /* XCGLogger.framework.dSYM in CopyFiles */ = {isa = PBXBuildFile; fileRef = D02A72321BBF02B900940C17 /* XCGLogger.framework.dSYM */; };
		ADF2F0E42196C64D00A671F2 /* TGSSwiftDDP.h in Headers */ = {isa = PBXBuildFile; fileRef = ADF2F0E22196C64D00A671F2 /* TGSSwiftDDP.h */; settings = {ATTRIBUTES = (Public, ); }; };
		ADFB02AA2196A97F00C05B49 /* Swift_DDP_Framework.h in Headers */ = {isa = PBXBuildFile; fileRef = ADFB02A82196A97F00C05B49 /* Swift_DDP_Framework.h */; settings = {ATTRIBUTES = (Public, ); }; };
		D02A72101BBEFCD300940C17 /* DDPClient.swift in Sources */ = {isa = PBXBuildFile; fileRef = D02A720B1BBEFCD200940C17 /* DDPClient.swift */; };
		D02A72111BBEFCD300940C17 /* DDPMessage.swift in Sources */ = {isa = PBXBuildFile; fileRef = D02A720C1BBEFCD300940C17 /* DDPMessage.swift */; };
		D02A72121BBEFCD300940C17 /* DDPExtensions.swift in Sources */ = {isa = PBXBuildFile; fileRef = D02A720D1BBEFCD300940C17 /* DDPExtensions.swift */; };
		D02A72131BBEFCD300940C17 /* DDPEvents.swift in Sources */ = {isa = PBXBuildFile; fileRef = D02A720E1BBEFCD300940C17 /* DDPEvents.swift */; };
		D02A72281BBF01E900940C17 /* CryptoSwift.framework in Frameworks */ = {isa = PBXBuildFile; fileRef = D02A72271BBF01E900940C17 /* CryptoSwift.framework */; };
		D02A722A1BBF01ED00940C17 /* SwiftWebSocket.framework in Frameworks */ = {isa = PBXBuildFile; fileRef = D02A72291BBF01ED00940C17 /* SwiftWebSocket.framework */; };
		D02A722C1BBF01EF00940C17 /* XCGLogger.framework in Frameworks */ = {isa = PBXBuildFile; fileRef = D02A722B1BBF01EF00940C17 /* XCGLogger.framework */; };
		D02A722F1BBF02AA00940C17 /* CryptoSwift.framework.dSYM in CopyFiles */ = {isa = PBXBuildFile; fileRef = D02A722E1BBF02AA00940C17 /* CryptoSwift.framework.dSYM */; };
		D02A72311BBF02B400940C17 /* SwiftWebSocket.framework.dSYM in CopyFiles */ = {isa = PBXBuildFile; fileRef = D02A72301BBF02B400940C17 /* SwiftWebSocket.framework.dSYM */; };
		D02A72331BBF02B900940C17 /* XCGLogger.framework.dSYM in CopyFiles */ = {isa = PBXBuildFile; fileRef = D02A72321BBF02B900940C17 /* XCGLogger.framework.dSYM */; };
		D02A72561BBF07AF00940C17 /* SwiftDDP.swift in Sources */ = {isa = PBXBuildFile; fileRef = D02A72551BBF07AF00940C17 /* SwiftDDP.swift */; };
		D02A72581BBF07AF00940C17 /* SwiftDDP.framework in Frameworks */ = {isa = PBXBuildFile; fileRef = D02A71DC1BBEFBCA00940C17 /* SwiftDDP.framework */; };
		D02A725E1BBF07F700940C17 /* Nimble.framework in Frameworks */ = {isa = PBXBuildFile; fileRef = D02A72351BBF033600940C17 /* Nimble.framework */; };
		D02A725F1BBF07F700940C17 /* Quick.framework in Frameworks */ = {isa = PBXBuildFile; fileRef = D02A72361BBF033600940C17 /* Quick.framework */; };
		D02B30831BDA8E2200E1DB72 /* DDPMethodResult.swift in Sources */ = {isa = PBXBuildFile; fileRef = D02B30821BDA8E2200E1DB72 /* DDPMethodResult.swift */; };
		D0339DD21C00DA6100A17DEB /* AbstractCollection.swift in Sources */ = {isa = PBXBuildFile; fileRef = D0339DD11C00DA6100A17DEB /* AbstractCollection.swift */; };
		D0339DD41C00DAB000A17DEB /* MeteorCollection.swift in Sources */ = {isa = PBXBuildFile; fileRef = D0339DD31C00DAB000A17DEB /* MeteorCollection.swift */; };
		D04D0DAB1C21ADF9000244D6 /* DDPCompletion.swift in Sources */ = {isa = PBXBuildFile; fileRef = D04D0DAA1C21ADF9000244D6 /* DDPCompletion.swift */; };
		D04D0DB91C21D489000244D6 /* MeteorDocument.swift in Sources */ = {isa = PBXBuildFile; fileRef = D04D0DB81C21D489000244D6 /* MeteorDocument.swift */; };
		D0C71B561BC172F40089B6CE /* Meteor.swift in Sources */ = {isa = PBXBuildFile; fileRef = D0C71B551BC172F40089B6CE /* Meteor.swift */; };
		D0C71B581BC173030089B6CE /* SwiftMeteor.swift in Sources */ = {isa = PBXBuildFile; fileRef = D0C71B571BC173030089B6CE /* SwiftMeteor.swift */; };
		D0C71B5B1BC174280089B6CE /* Data.swift in Sources */ = {isa = PBXBuildFile; fileRef = D0C71B5A1BC174280089B6CE /* Data.swift */; };
		D0D724661C4E7FBA00EE91DC /* DDPUtilities.swift in Sources */ = {isa = PBXBuildFile; fileRef = D0D724611C4E7FBA00EE91DC /* DDPUtilities.swift */; };
		D0F6C99D1BFFA04600A6CB70 /* EJSON.swift in Sources */ = {isa = PBXBuildFile; fileRef = D0F6C99C1BFFA04600A6CB70 /* EJSON.swift */; };
/* End PBXBuildFile section */

/* Begin PBXContainerItemProxy section */
		D02A72591BBF07AF00940C17 /* PBXContainerItemProxy */ = {
			isa = PBXContainerItemProxy;
			containerPortal = D02A71D31BBEFBCA00940C17 /* Project object */;
			proxyType = 1;
			remoteGlobalIDString = D02A71DB1BBEFBCA00940C17;
			remoteInfo = SwiftDDP;
		};
/* End PBXContainerItemProxy section */

/* Begin PBXCopyFilesBuildPhase section */
		ADF2F0D22196C60F00A671F2 /* CopyFiles */ = {
			isa = PBXCopyFilesBuildPhase;
			buildActionMask = 2147483647;
			dstPath = "";
			dstSubfolderSpec = 16;
			files = (
				ADF2F0D32196C60F00A671F2 /* CryptoSwift.framework.dSYM in CopyFiles */,
				ADF2F0D42196C60F00A671F2 /* SwiftWebSocket.framework.dSYM in CopyFiles */,
				ADF2F0D52196C60F00A671F2 /* XCGLogger.framework.dSYM in CopyFiles */,
			);
			runOnlyForDeploymentPostprocessing = 0;
		};
		D02A722D1BBF028E00940C17 /* CopyFiles */ = {
			isa = PBXCopyFilesBuildPhase;
			buildActionMask = 2147483647;
			dstPath = "";
			dstSubfolderSpec = 16;
			files = (
				D02A722F1BBF02AA00940C17 /* CryptoSwift.framework.dSYM in CopyFiles */,
				D02A72311BBF02B400940C17 /* SwiftWebSocket.framework.dSYM in CopyFiles */,
				D02A72331BBF02B900940C17 /* XCGLogger.framework.dSYM in CopyFiles */,
			);
			runOnlyForDeploymentPostprocessing = 0;
		};
/* End PBXCopyFilesBuildPhase section */

/* Begin PBXFileReference section */
		6FFFCBC61C64352300C147F2 /* DDPExponentialBackoff.swift */ = {isa = PBXFileReference; fileEncoding = 4; lastKnownFileType = sourcecode.swift; path = DDPExponentialBackoff.swift; sourceTree = "<group>"; };
		AA0D2AC31D6BEEC700085B33 /* SwiftDDP.framework */ = {isa = PBXFileReference; explicitFileType = wrapper.framework; includeInIndex = 0; path = SwiftDDP.framework; sourceTree = BUILT_PRODUCTS_DIR; };
		AA0D2AC51D6BEEC700085B33 /* SwiftDDP-tvOS.h */ = {isa = PBXFileReference; lastKnownFileType = sourcecode.c.h; path = "SwiftDDP-tvOS.h"; sourceTree = "<group>"; };
		AA0D2AC71D6BEEC700085B33 /* Info.plist */ = {isa = PBXFileReference; lastKnownFileType = text.plist.xml; path = Info.plist; sourceTree = "<group>"; };
		AA0D2ADB1D6BF18700085B33 /* XCGLogger.framework */ = {isa = PBXFileReference; lastKnownFileType = wrapper.framework; name = XCGLogger.framework; path = Carthage/Build/tvOS/XCGLogger.framework; sourceTree = "<group>"; };
		AA0D2ADC1D6BF18700085B33 /* SwiftWebSocket.framework */ = {isa = PBXFileReference; lastKnownFileType = wrapper.framework; name = SwiftWebSocket.framework; path = Carthage/Build/tvOS/SwiftWebSocket.framework; sourceTree = "<group>"; };
		AA0D2ADD1D6BF18700085B33 /* Quick.framework */ = {isa = PBXFileReference; lastKnownFileType = wrapper.framework; name = Quick.framework; path = Carthage/Build/tvOS/Quick.framework; sourceTree = "<group>"; };
		AA0D2ADE1D6BF18700085B33 /* Nimble.framework */ = {isa = PBXFileReference; lastKnownFileType = wrapper.framework; name = Nimble.framework; path = Carthage/Build/tvOS/Nimble.framework; sourceTree = "<group>"; };
		AA0D2ADF1D6BF18700085B33 /* CryptoSwift.framework */ = {isa = PBXFileReference; lastKnownFileType = wrapper.framework; name = CryptoSwift.framework; path = Carthage/Build/tvOS/CryptoSwift.framework; sourceTree = "<group>"; };
		AAFDED3C1D6BF984000583AA /* SwiftDDP.framework */ = {isa = PBXFileReference; explicitFileType = wrapper.framework; includeInIndex = 0; path = SwiftDDP.framework; sourceTree = BUILT_PRODUCTS_DIR; };
		AAFDED3E1D6BF984000583AA /* SwiftDDP-OSX.h */ = {isa = PBXFileReference; lastKnownFileType = sourcecode.c.h; path = "SwiftDDP-OSX.h"; sourceTree = "<group>"; };
		AAFDED401D6BF984000583AA /* Info.plist */ = {isa = PBXFileReference; lastKnownFileType = text.plist.xml; path = Info.plist; sourceTree = "<group>"; };
		AD93F6D82196B5A5006BCCC8 /* SwiftDDPFramework.framework */ = {isa = PBXFileReference; explicitFileType = wrapper.framework; includeInIndex = 0; path = SwiftDDPFramework.framework; sourceTree = BUILT_PRODUCTS_DIR; };
		AD93F6DA2196B5A5006BCCC8 /* SwiftDDPFramework.h */ = {isa = PBXFileReference; lastKnownFileType = sourcecode.c.h; path = SwiftDDPFramework.h; sourceTree = "<group>"; };
		AD93F6DB2196B5A5006BCCC8 /* Info.plist */ = {isa = PBXFileReference; lastKnownFileType = text.plist.xml; path = Info.plist; sourceTree = "<group>"; };
		AD93F7172196B7BA006BCCC8 /* SwiftDDPTouch.framework */ = {isa = PBXFileReference; explicitFileType = wrapper.framework; includeInIndex = 0; path = SwiftDDPTouch.framework; sourceTree = BUILT_PRODUCTS_DIR; };
		AD93F7192196B7BA006BCCC8 /* SwiftDDPTouch.h */ = {isa = PBXFileReference; lastKnownFileType = sourcecode.c.h; path = SwiftDDPTouch.h; sourceTree = "<group>"; };
		AD93F71A2196B7BA006BCCC8 /* Info.plist */ = {isa = PBXFileReference; lastKnownFileType = text.plist.xml; path = Info.plist; sourceTree = "<group>"; };
		ADF2F0D92196C60F00A671F2 /* SwiftDDP copy.framework */ = {isa = PBXFileReference; explicitFileType = wrapper.framework; includeInIndex = 0; path = "SwiftDDP copy.framework"; sourceTree = BUILT_PRODUCTS_DIR; };
		ADF2F0DA2196C60F00A671F2 /* SwiftDDP copy-Info.plist */ = {isa = PBXFileReference; lastKnownFileType = text.plist.xml; name = "SwiftDDP copy-Info.plist"; path = "/Users/marko/Desktop/SwiftDDP/SwiftDDP copy-Info.plist"; sourceTree = "<absolute>"; };
		ADF2F0E02196C64D00A671F2 /* TGSSwiftDDP.framework */ = {isa = PBXFileReference; explicitFileType = wrapper.framework; includeInIndex = 0; path = TGSSwiftDDP.framework; sourceTree = BUILT_PRODUCTS_DIR; };
		ADF2F0E22196C64D00A671F2 /* TGSSwiftDDP.h */ = {isa = PBXFileReference; lastKnownFileType = sourcecode.c.h; path = TGSSwiftDDP.h; sourceTree = "<group>"; };
		ADF2F0E32196C64D00A671F2 /* Info.plist */ = {isa = PBXFileReference; lastKnownFileType = text.plist.xml; path = Info.plist; sourceTree = "<group>"; };
		ADFB02A62196A97F00C05B49 /* Swift_DDP_Framework.framework */ = {isa = PBXFileReference; explicitFileType = wrapper.framework; includeInIndex = 0; path = Swift_DDP_Framework.framework; sourceTree = BUILT_PRODUCTS_DIR; };
		ADFB02A82196A97F00C05B49 /* Swift_DDP_Framework.h */ = {isa = PBXFileReference; lastKnownFileType = sourcecode.c.h; path = Swift_DDP_Framework.h; sourceTree = "<group>"; };
		ADFB02A92196A97F00C05B49 /* Info.plist */ = {isa = PBXFileReference; lastKnownFileType = text.plist.xml; path = Info.plist; sourceTree = "<group>"; };
		D02A71DC1BBEFBCA00940C17 /* SwiftDDP.framework */ = {isa = PBXFileReference; explicitFileType = wrapper.framework; includeInIndex = 0; path = SwiftDDP.framework; sourceTree = BUILT_PRODUCTS_DIR; };
		D02A71E11BBEFBCA00940C17 /* Info.plist */ = {isa = PBXFileReference; lastKnownFileType = text.plist.xml; path = Info.plist; sourceTree = "<group>"; };
		D02A720B1BBEFCD200940C17 /* DDPClient.swift */ = {isa = PBXFileReference; fileEncoding = 4; lastKnownFileType = sourcecode.swift; path = DDPClient.swift; sourceTree = "<group>"; };
		D02A720C1BBEFCD300940C17 /* DDPMessage.swift */ = {isa = PBXFileReference; fileEncoding = 4; lastKnownFileType = sourcecode.swift; path = DDPMessage.swift; sourceTree = "<group>"; };
		D02A720D1BBEFCD300940C17 /* DDPExtensions.swift */ = {isa = PBXFileReference; fileEncoding = 4; lastKnownFileType = sourcecode.swift; path = DDPExtensions.swift; sourceTree = "<group>"; };
		D02A720E1BBEFCD300940C17 /* DDPEvents.swift */ = {isa = PBXFileReference; fileEncoding = 4; lastKnownFileType = sourcecode.swift; path = DDPEvents.swift; sourceTree = "<group>"; };
		D02A72271BBF01E900940C17 /* CryptoSwift.framework */ = {isa = PBXFileReference; lastKnownFileType = wrapper.framework; name = CryptoSwift.framework; path = Carthage/Build/iOS/CryptoSwift.framework; sourceTree = "<group>"; };
		D02A72291BBF01ED00940C17 /* SwiftWebSocket.framework */ = {isa = PBXFileReference; lastKnownFileType = wrapper.framework; name = SwiftWebSocket.framework; path = Carthage/Build/iOS/SwiftWebSocket.framework; sourceTree = "<group>"; };
		D02A722B1BBF01EF00940C17 /* XCGLogger.framework */ = {isa = PBXFileReference; lastKnownFileType = wrapper.framework; name = XCGLogger.framework; path = Carthage/Build/iOS/XCGLogger.framework; sourceTree = "<group>"; };
		D02A722E1BBF02AA00940C17 /* CryptoSwift.framework.dSYM */ = {isa = PBXFileReference; lastKnownFileType = wrapper.dsym; name = CryptoSwift.framework.dSYM; path = Carthage/Build/iOS/CryptoSwift.framework.dSYM; sourceTree = "<group>"; };
		D02A72301BBF02B400940C17 /* SwiftWebSocket.framework.dSYM */ = {isa = PBXFileReference; lastKnownFileType = wrapper.dsym; name = SwiftWebSocket.framework.dSYM; path = Carthage/Build/iOS/SwiftWebSocket.framework.dSYM; sourceTree = "<group>"; };
		D02A72321BBF02B900940C17 /* XCGLogger.framework.dSYM */ = {isa = PBXFileReference; lastKnownFileType = wrapper.dsym; name = XCGLogger.framework.dSYM; path = Carthage/Build/iOS/XCGLogger.framework.dSYM; sourceTree = "<group>"; };
		D02A72351BBF033600940C17 /* Nimble.framework */ = {isa = PBXFileReference; lastKnownFileType = wrapper.framework; name = Nimble.framework; path = Carthage/Build/iOS/Nimble.framework; sourceTree = "<group>"; };
		D02A72361BBF033600940C17 /* Quick.framework */ = {isa = PBXFileReference; lastKnownFileType = wrapper.framework; name = Quick.framework; path = Carthage/Build/iOS/Quick.framework; sourceTree = "<group>"; };
		D02A72531BBF07AF00940C17 /* SwiftDDP Tests.xctest */ = {isa = PBXFileReference; explicitFileType = wrapper.cfbundle; includeInIndex = 0; path = "SwiftDDP Tests.xctest"; sourceTree = BUILT_PRODUCTS_DIR; };
		D02A72551BBF07AF00940C17 /* SwiftDDP.swift */ = {isa = PBXFileReference; lastKnownFileType = sourcecode.swift; path = SwiftDDP.swift; sourceTree = "<group>"; };
		D02A72571BBF07AF00940C17 /* Info.plist */ = {isa = PBXFileReference; lastKnownFileType = text.plist.xml; path = Info.plist; sourceTree = "<group>"; };
		D02A72611BBF0AE300940C17 /* README.md */ = {isa = PBXFileReference; fileEncoding = 4; lastKnownFileType = net.daringfireball.markdown; path = README.md; sourceTree = "<group>"; };
		D02A72AE1BBF383700940C17 /* SwiftDDP.podspec */ = {isa = PBXFileReference; fileEncoding = 4; lastKnownFileType = text; path = SwiftDDP.podspec; sourceTree = "<group>"; };
		D02A72AF1BBF383700940C17 /* LICENSE */ = {isa = PBXFileReference; fileEncoding = 4; lastKnownFileType = text; path = LICENSE; sourceTree = "<group>"; };
		D02A72B11BBF383700940C17 /* Cartfile */ = {isa = PBXFileReference; fileEncoding = 4; lastKnownFileType = text; path = Cartfile; sourceTree = "<group>"; };
		D02B30821BDA8E2200E1DB72 /* DDPMethodResult.swift */ = {isa = PBXFileReference; fileEncoding = 4; lastKnownFileType = sourcecode.swift; path = DDPMethodResult.swift; sourceTree = "<group>"; };
		D0339DD11C00DA6100A17DEB /* AbstractCollection.swift */ = {isa = PBXFileReference; fileEncoding = 4; lastKnownFileType = sourcecode.swift; path = AbstractCollection.swift; sourceTree = "<group>"; };
		D0339DD31C00DAB000A17DEB /* MeteorCollection.swift */ = {isa = PBXFileReference; fileEncoding = 4; lastKnownFileType = sourcecode.swift; path = MeteorCollection.swift; sourceTree = "<group>"; };
		D04D0DAA1C21ADF9000244D6 /* DDPCompletion.swift */ = {isa = PBXFileReference; fileEncoding = 4; lastKnownFileType = sourcecode.swift; path = DDPCompletion.swift; sourceTree = "<group>"; };
		D04D0DB81C21D489000244D6 /* MeteorDocument.swift */ = {isa = PBXFileReference; fileEncoding = 4; lastKnownFileType = sourcecode.swift; path = MeteorDocument.swift; sourceTree = "<group>"; };
		D0C71B551BC172F40089B6CE /* Meteor.swift */ = {isa = PBXFileReference; fileEncoding = 4; lastKnownFileType = sourcecode.swift; path = Meteor.swift; sourceTree = "<group>"; };
		D0C71B571BC173030089B6CE /* SwiftMeteor.swift */ = {isa = PBXFileReference; fileEncoding = 4; lastKnownFileType = sourcecode.swift; path = SwiftMeteor.swift; sourceTree = "<group>"; };
		D0C71B5A1BC174280089B6CE /* Data.swift */ = {isa = PBXFileReference; fileEncoding = 4; lastKnownFileType = sourcecode.swift; path = Data.swift; sourceTree = "<group>"; };
		D0D724611C4E7FBA00EE91DC /* DDPUtilities.swift */ = {isa = PBXFileReference; fileEncoding = 4; lastKnownFileType = sourcecode.swift; path = DDPUtilities.swift; sourceTree = "<group>"; };
		D0E9DFDD1C359535005D92FA /* SwiftDDP OSX.h */ = {isa = PBXFileReference; lastKnownFileType = sourcecode.c.h; path = "SwiftDDP OSX.h"; sourceTree = "<group>"; };
		D0E9DFDF1C359535005D92FA /* Info.plist */ = {isa = PBXFileReference; lastKnownFileType = text.plist.xml; path = Info.plist; sourceTree = "<group>"; };
		D0E9DFE91C359535005D92FA /* SwiftDDP_OSXTests.swift */ = {isa = PBXFileReference; lastKnownFileType = sourcecode.swift; path = SwiftDDP_OSXTests.swift; sourceTree = "<group>"; };
		D0E9DFEB1C359535005D92FA /* Info.plist */ = {isa = PBXFileReference; lastKnownFileType = text.plist.xml; path = Info.plist; sourceTree = "<group>"; };
		D0F6C99C1BFFA04600A6CB70 /* EJSON.swift */ = {isa = PBXFileReference; fileEncoding = 4; lastKnownFileType = sourcecode.swift; path = EJSON.swift; sourceTree = "<group>"; };
/* End PBXFileReference section */

/* Begin PBXFrameworksBuildPhase section */
		AA0D2ABF1D6BEEC700085B33 /* Frameworks */ = {
			isa = PBXFrameworksBuildPhase;
			buildActionMask = 2147483647;
			files = (
				AA0D2AE01D6BF18700085B33 /* XCGLogger.framework in Frameworks */,
				AA0D2AE11D6BF18700085B33 /* SwiftWebSocket.framework in Frameworks */,
				AA0D2AE41D6BF18700085B33 /* CryptoSwift.framework in Frameworks */,
			);
			runOnlyForDeploymentPostprocessing = 0;
		};
		AAFDED381D6BF984000583AA /* Frameworks */ = {
			isa = PBXFrameworksBuildPhase;
			buildActionMask = 2147483647;
			files = (
			);
			runOnlyForDeploymentPostprocessing = 0;
		};
		AD93F6D52196B5A5006BCCC8 /* Frameworks */ = {
			isa = PBXFrameworksBuildPhase;
			buildActionMask = 2147483647;
			files = (
			);
			runOnlyForDeploymentPostprocessing = 0;
		};
		AD93F7142196B7BA006BCCC8 /* Frameworks */ = {
			isa = PBXFrameworksBuildPhase;
			buildActionMask = 2147483647;
			files = (
			);
			runOnlyForDeploymentPostprocessing = 0;
		};
		ADF2F0CB2196C60F00A671F2 /* Frameworks */ = {
			isa = PBXFrameworksBuildPhase;
			buildActionMask = 2147483647;
			files = (
				ADF2F0CC2196C60F00A671F2 /* CryptoSwift.framework in Frameworks */,
				ADF2F0CD2196C60F00A671F2 /* SwiftWebSocket.framework in Frameworks */,
				ADF2F0CE2196C60F00A671F2 /* XCGLogger.framework in Frameworks */,
			);
			runOnlyForDeploymentPostprocessing = 0;
		};
		ADF2F0DD2196C64D00A671F2 /* Frameworks */ = {
			isa = PBXFrameworksBuildPhase;
			buildActionMask = 2147483647;
			files = (
			);
			runOnlyForDeploymentPostprocessing = 0;
		};
		ADFB02A32196A97F00C05B49 /* Frameworks */ = {
			isa = PBXFrameworksBuildPhase;
			buildActionMask = 2147483647;
			files = (
			);
			runOnlyForDeploymentPostprocessing = 0;
		};
		D02A71D81BBEFBCA00940C17 /* Frameworks */ = {
			isa = PBXFrameworksBuildPhase;
			buildActionMask = 2147483647;
			files = (
				D02A72281BBF01E900940C17 /* CryptoSwift.framework in Frameworks */,
				D02A722A1BBF01ED00940C17 /* SwiftWebSocket.framework in Frameworks */,
				D02A722C1BBF01EF00940C17 /* XCGLogger.framework in Frameworks */,
			);
			runOnlyForDeploymentPostprocessing = 0;
		};
		D02A72501BBF07AF00940C17 /* Frameworks */ = {
			isa = PBXFrameworksBuildPhase;
			buildActionMask = 2147483647;
			files = (
				D02A72581BBF07AF00940C17 /* SwiftDDP.framework in Frameworks */,
				D02A725E1BBF07F700940C17 /* Nimble.framework in Frameworks */,
				D02A725F1BBF07F700940C17 /* Quick.framework in Frameworks */,
			);
			runOnlyForDeploymentPostprocessing = 0;
		};
/* End PBXFrameworksBuildPhase section */

/* Begin PBXGroup section */
		AA0D2AC41D6BEEC700085B33 /* SwiftDDP-tvOS */ = {
			isa = PBXGroup;
			children = (
				AA0D2AC51D6BEEC700085B33 /* SwiftDDP-tvOS.h */,
				AA0D2AC71D6BEEC700085B33 /* Info.plist */,
			);
			path = "SwiftDDP-tvOS";
			sourceTree = "<group>";
		};
		AAFDED3D1D6BF984000583AA /* SwiftDDP-OSX */ = {
			isa = PBXGroup;
			children = (
				AAFDED3E1D6BF984000583AA /* SwiftDDP-OSX.h */,
				AAFDED401D6BF984000583AA /* Info.plist */,
			);
			path = "SwiftDDP-OSX";
			sourceTree = "<group>";
		};
		AD93F6D92196B5A5006BCCC8 /* SwiftDDPFramework */ = {
			isa = PBXGroup;
			children = (
				AD93F6DA2196B5A5006BCCC8 /* SwiftDDPFramework.h */,
				AD93F6DB2196B5A5006BCCC8 /* Info.plist */,
			);
			path = SwiftDDPFramework;
			sourceTree = "<group>";
		};
		AD93F7182196B7BA006BCCC8 /* SwiftDDPTouch */ = {
			isa = PBXGroup;
			children = (
				AD93F7192196B7BA006BCCC8 /* SwiftDDPTouch.h */,
				AD93F71A2196B7BA006BCCC8 /* Info.plist */,
			);
			path = SwiftDDPTouch;
			sourceTree = "<group>";
		};
		ADF2F0E12196C64D00A671F2 /* TGSSwiftDDP */ = {
			isa = PBXGroup;
			children = (
				ADF2F0E22196C64D00A671F2 /* TGSSwiftDDP.h */,
				ADF2F0E32196C64D00A671F2 /* Info.plist */,
			);
			path = TGSSwiftDDP;
			sourceTree = "<group>";
		};
		ADFB02A72196A97F00C05B49 /* Swift DDP Framework */ = {
			isa = PBXGroup;
			children = (
				ADFB02A82196A97F00C05B49 /* Swift_DDP_Framework.h */,
				ADFB02A92196A97F00C05B49 /* Info.plist */,
			);
			path = "Swift DDP Framework";
			sourceTree = "<group>";
		};
		D02A71D21BBEFBCA00940C17 = {
			isa = PBXGroup;
			children = (
				D02A71DE1BBEFBCA00940C17 /* SwiftDDP */,
				D02A72541BBF07AF00940C17 /* Tests */,
				D0E9DFDC1C359535005D92FA /* SwiftDDP OSX */,
				D0E9DFE81C359535005D92FA /* SwiftDDP OSXTests */,
				AA0D2AC41D6BEEC700085B33 /* SwiftDDP-tvOS */,
				AAFDED3D1D6BF984000583AA /* SwiftDDP-OSX */,
				ADFB02A72196A97F00C05B49 /* Swift DDP Framework */,
				AD93F6D92196B5A5006BCCC8 /* SwiftDDPFramework */,
				AD93F7182196B7BA006BCCC8 /* SwiftDDPTouch */,
				ADF2F0E12196C64D00A671F2 /* TGSSwiftDDP */,
				D02A72341BBF02C200940C17 /* Frameworks */,
				D02A72AE1BBF383700940C17 /* SwiftDDP.podspec */,
				D02A72AF1BBF383700940C17 /* LICENSE */,
				D02A72B11BBF383700940C17 /* Cartfile */,
				D02A72611BBF0AE300940C17 /* README.md */,
				D02A71DD1BBEFBCA00940C17 /* Products */,
				ADF2F0DA2196C60F00A671F2 /* SwiftDDP copy-Info.plist */,
			);
			sourceTree = "<group>";
		};
		D02A71DD1BBEFBCA00940C17 /* Products */ = {
			isa = PBXGroup;
			children = (
				D02A71DC1BBEFBCA00940C17 /* SwiftDDP.framework */,
				D02A72531BBF07AF00940C17 /* SwiftDDP Tests.xctest */,
				AA0D2AC31D6BEEC700085B33 /* SwiftDDP.framework */,
				AAFDED3C1D6BF984000583AA /* SwiftDDP.framework */,
				ADFB02A62196A97F00C05B49 /* Swift_DDP_Framework.framework */,
				AD93F6D82196B5A5006BCCC8 /* SwiftDDPFramework.framework */,
				AD93F7172196B7BA006BCCC8 /* SwiftDDPTouch.framework */,
				ADF2F0D92196C60F00A671F2 /* SwiftDDP copy.framework */,
				ADF2F0E02196C64D00A671F2 /* TGSSwiftDDP.framework */,
			);
			name = Products;
			sourceTree = "<group>";
		};
		D02A71DE1BBEFBCA00940C17 /* SwiftDDP */ = {
			isa = PBXGroup;
			children = (
				6FFFCBC61C64352300C147F2 /* DDPExponentialBackoff.swift */,
				D02A720B1BBEFCD200940C17 /* DDPClient.swift */,
				D02A720E1BBEFCD300940C17 /* DDPEvents.swift */,
				D04D0DAA1C21ADF9000244D6 /* DDPCompletion.swift */,
				D02A720C1BBEFCD300940C17 /* DDPMessage.swift */,
				D02A720D1BBEFCD300940C17 /* DDPExtensions.swift */,
				D02B30821BDA8E2200E1DB72 /* DDPMethodResult.swift */,
				D0D724611C4E7FBA00EE91DC /* DDPUtilities.swift */,
				D0C71B551BC172F40089B6CE /* Meteor.swift */,
				D0339DD11C00DA6100A17DEB /* AbstractCollection.swift */,
				D0339DD31C00DAB000A17DEB /* MeteorCollection.swift */,
				D04D0DB81C21D489000244D6 /* MeteorDocument.swift */,
				D0F6C99C1BFFA04600A6CB70 /* EJSON.swift */,
				D02A71E11BBEFBCA00940C17 /* Info.plist */,
			);
			path = SwiftDDP;
			sourceTree = "<group>";
		};
		D02A72341BBF02C200940C17 /* Frameworks */ = {
			isa = PBXGroup;
			children = (
				AA0D2ADB1D6BF18700085B33 /* XCGLogger.framework */,
				AA0D2ADC1D6BF18700085B33 /* SwiftWebSocket.framework */,
				AA0D2ADD1D6BF18700085B33 /* Quick.framework */,
				AA0D2ADE1D6BF18700085B33 /* Nimble.framework */,
				AA0D2ADF1D6BF18700085B33 /* CryptoSwift.framework */,
				D02A72321BBF02B900940C17 /* XCGLogger.framework.dSYM */,
				D02A72301BBF02B400940C17 /* SwiftWebSocket.framework.dSYM */,
				D02A722E1BBF02AA00940C17 /* CryptoSwift.framework.dSYM */,
				D02A72351BBF033600940C17 /* Nimble.framework */,
				D02A72361BBF033600940C17 /* Quick.framework */,
				D02A722B1BBF01EF00940C17 /* XCGLogger.framework */,
				D02A72291BBF01ED00940C17 /* SwiftWebSocket.framework */,
				D02A72271BBF01E900940C17 /* CryptoSwift.framework */,
			);
			name = Frameworks;
			sourceTree = "<group>";
		};
		D02A72541BBF07AF00940C17 /* Tests */ = {
			isa = PBXGroup;
			children = (
				D0C71B5A1BC174280089B6CE /* Data.swift */,
				D02A72551BBF07AF00940C17 /* SwiftDDP.swift */,
				D0C71B571BC173030089B6CE /* SwiftMeteor.swift */,
				D02A72571BBF07AF00940C17 /* Info.plist */,
			);
			name = Tests;
			path = SwiftDDPTests;
			sourceTree = "<group>";
		};
		D0E9DFDC1C359535005D92FA /* SwiftDDP OSX */ = {
			isa = PBXGroup;
			children = (
				D0E9DFDD1C359535005D92FA /* SwiftDDP OSX.h */,
				D0E9DFDF1C359535005D92FA /* Info.plist */,
			);
			path = "SwiftDDP OSX";
			sourceTree = "<group>";
		};
		D0E9DFE81C359535005D92FA /* SwiftDDP OSXTests */ = {
			isa = PBXGroup;
			children = (
				D0E9DFE91C359535005D92FA /* SwiftDDP_OSXTests.swift */,
				D0E9DFEB1C359535005D92FA /* Info.plist */,
			);
			path = "SwiftDDP OSXTests";
			sourceTree = "<group>";
		};
/* End PBXGroup section */

/* Begin PBXHeadersBuildPhase section */
		AA0D2AC01D6BEEC700085B33 /* Headers */ = {
			isa = PBXHeadersBuildPhase;
			buildActionMask = 2147483647;
			files = (
				AA0D2AC61D6BEEC700085B33 /* SwiftDDP-tvOS.h in Headers */,
			);
			runOnlyForDeploymentPostprocessing = 0;
		};
		AAFDED391D6BF984000583AA /* Headers */ = {
			isa = PBXHeadersBuildPhase;
			buildActionMask = 2147483647;
			files = (
				AAFDED3F1D6BF984000583AA /* SwiftDDP-OSX.h in Headers */,
			);
			runOnlyForDeploymentPostprocessing = 0;
		};
		AD93F6D32196B5A5006BCCC8 /* Headers */ = {
			isa = PBXHeadersBuildPhase;
			buildActionMask = 2147483647;
			files = (
				AD93F6DC2196B5A5006BCCC8 /* SwiftDDPFramework.h in Headers */,
			);
			runOnlyForDeploymentPostprocessing = 0;
		};
		AD93F7122196B7BA006BCCC8 /* Headers */ = {
			isa = PBXHeadersBuildPhase;
			buildActionMask = 2147483647;
			files = (
				AD93F71B2196B7BA006BCCC8 /* SwiftDDPTouch.h in Headers */,
			);
			runOnlyForDeploymentPostprocessing = 0;
		};
		ADF2F0CF2196C60F00A671F2 /* Headers */ = {
			isa = PBXHeadersBuildPhase;
			buildActionMask = 2147483647;
			files = (
			);
			runOnlyForDeploymentPostprocessing = 0;
		};
		ADF2F0DB2196C64D00A671F2 /* Headers */ = {
			isa = PBXHeadersBuildPhase;
			buildActionMask = 2147483647;
			files = (
				ADF2F0E42196C64D00A671F2 /* TGSSwiftDDP.h in Headers */,
			);
			runOnlyForDeploymentPostprocessing = 0;
		};
		ADFB02A12196A97F00C05B49 /* Headers */ = {
			isa = PBXHeadersBuildPhase;
			buildActionMask = 2147483647;
			files = (
				ADFB02AA2196A97F00C05B49 /* Swift_DDP_Framework.h in Headers */,
			);
			runOnlyForDeploymentPostprocessing = 0;
		};
		D02A71D91BBEFBCA00940C17 /* Headers */ = {
			isa = PBXHeadersBuildPhase;
			buildActionMask = 2147483647;
			files = (
			);
			runOnlyForDeploymentPostprocessing = 0;
		};
/* End PBXHeadersBuildPhase section */

/* Begin PBXNativeTarget section */
		AA0D2AC21D6BEEC700085B33 /* SwiftDDP-tvOS */ = {
			isa = PBXNativeTarget;
			buildConfigurationList = AA0D2ACA1D6BEEC700085B33 /* Build configuration list for PBXNativeTarget "SwiftDDP-tvOS" */;
			buildPhases = (
				AA0D2ABE1D6BEEC700085B33 /* Sources */,
				AA0D2ABF1D6BEEC700085B33 /* Frameworks */,
				AA0D2AC01D6BEEC700085B33 /* Headers */,
				AA0D2AC11D6BEEC700085B33 /* Resources */,
			);
			buildRules = (
			);
			dependencies = (
			);
			name = "SwiftDDP-tvOS";
			productName = "SwiftDDP-tvOS";
			productReference = AA0D2AC31D6BEEC700085B33 /* SwiftDDP.framework */;
			productType = "com.apple.product-type.framework";
		};
		AAFDED3B1D6BF984000583AA /* SwiftDDP-OSX */ = {
			isa = PBXNativeTarget;
			buildConfigurationList = AAFDED431D6BF984000583AA /* Build configuration list for PBXNativeTarget "SwiftDDP-OSX" */;
			buildPhases = (
				AAFDED371D6BF984000583AA /* Sources */,
				AAFDED381D6BF984000583AA /* Frameworks */,
				AAFDED391D6BF984000583AA /* Headers */,
				AAFDED3A1D6BF984000583AA /* Resources */,
			);
			buildRules = (
			);
			dependencies = (
			);
			name = "SwiftDDP-OSX";
			productName = "SwiftDDP-OSX";
			productReference = AAFDED3C1D6BF984000583AA /* SwiftDDP.framework */;
			productType = "com.apple.product-type.framework";
		};
		AD93F6D72196B5A5006BCCC8 /* SwiftDDPFramework */ = {
			isa = PBXNativeTarget;
			buildConfigurationList = AD93F6DD2196B5A5006BCCC8 /* Build configuration list for PBXNativeTarget "SwiftDDPFramework" */;
			buildPhases = (
				AD93F6D32196B5A5006BCCC8 /* Headers */,
				AD93F6D42196B5A5006BCCC8 /* Sources */,
				AD93F6D52196B5A5006BCCC8 /* Frameworks */,
				AD93F6D62196B5A5006BCCC8 /* Resources */,
			);
			buildRules = (
			);
			dependencies = (
			);
			name = SwiftDDPFramework;
			productName = SwiftDDPFramework;
			productReference = AD93F6D82196B5A5006BCCC8 /* SwiftDDPFramework.framework */;
			productType = "com.apple.product-type.framework";
		};
		AD93F7162196B7BA006BCCC8 /* SwiftDDPTouch */ = {
			isa = PBXNativeTarget;
			buildConfigurationList = AD93F71C2196B7BA006BCCC8 /* Build configuration list for PBXNativeTarget "SwiftDDPTouch" */;
			buildPhases = (
				AD93F7122196B7BA006BCCC8 /* Headers */,
				AD93F7132196B7BA006BCCC8 /* Sources */,
				AD93F7142196B7BA006BCCC8 /* Frameworks */,
				AD93F7152196B7BA006BCCC8 /* Resources */,
			);
			buildRules = (
			);
			dependencies = (
			);
			name = SwiftDDPTouch;
			productName = SwiftDDPTouch;
			productReference = AD93F7172196B7BA006BCCC8 /* SwiftDDPTouch.framework */;
			productType = "com.apple.product-type.framework";
		};
		ADF2F0BC2196C60F00A671F2 /* SwiftDDP copy */ = {
			isa = PBXNativeTarget;
			buildConfigurationList = ADF2F0D62196C60F00A671F2 /* Build configuration list for PBXNativeTarget "SwiftDDP copy" */;
			buildPhases = (
				ADF2F0BD2196C60F00A671F2 /* Sources */,
				ADF2F0CB2196C60F00A671F2 /* Frameworks */,
				ADF2F0CF2196C60F00A671F2 /* Headers */,
				ADF2F0D02196C60F00A671F2 /* Resources */,
				ADF2F0D12196C60F00A671F2 /* ShellScript */,
				ADF2F0D22196C60F00A671F2 /* CopyFiles */,
			);
			buildRules = (
			);
			dependencies = (
			);
			name = "SwiftDDP copy";
			productName = SwiftDDP;
			productReference = ADF2F0D92196C60F00A671F2 /* SwiftDDP copy.framework */;
			productType = "com.apple.product-type.framework";
		};
		ADF2F0DF2196C64D00A671F2 /* TGSSwiftDDP */ = {
			isa = PBXNativeTarget;
			buildConfigurationList = ADF2F0E52196C64D00A671F2 /* Build configuration list for PBXNativeTarget "TGSSwiftDDP" */;
			buildPhases = (
				ADF2F0DB2196C64D00A671F2 /* Headers */,
				ADF2F0DC2196C64D00A671F2 /* Sources */,
				ADF2F0DD2196C64D00A671F2 /* Frameworks */,
				ADF2F0DE2196C64D00A671F2 /* Resources */,
			);
			buildRules = (
			);
			dependencies = (
			);
			name = TGSSwiftDDP;
			productName = TGSSwiftDDP;
			productReference = ADF2F0E02196C64D00A671F2 /* TGSSwiftDDP.framework */;
			productType = "com.apple.product-type.framework";
		};
		ADFB02A52196A97F00C05B49 /* Swift DDP Framework */ = {
			isa = PBXNativeTarget;
			buildConfigurationList = ADFB02AD2196A97F00C05B49 /* Build configuration list for PBXNativeTarget "Swift DDP Framework" */;
			buildPhases = (
				ADFB02A12196A97F00C05B49 /* Headers */,
				ADFB02A22196A97F00C05B49 /* Sources */,
				ADFB02A32196A97F00C05B49 /* Frameworks */,
				ADFB02A42196A97F00C05B49 /* Resources */,
			);
			buildRules = (
			);
			dependencies = (
			);
			name = "Swift DDP Framework";
			productName = "Swift DDP Framework";
			productReference = ADFB02A62196A97F00C05B49 /* Swift_DDP_Framework.framework */;
			productType = "com.apple.product-type.framework";
		};
		D02A71DB1BBEFBCA00940C17 /* SwiftDDP */ = {
			isa = PBXNativeTarget;
			buildConfigurationList = D02A71F01BBEFBCA00940C17 /* Build configuration list for PBXNativeTarget "SwiftDDP" */;
			buildPhases = (
				D02A71D71BBEFBCA00940C17 /* Sources */,
				D02A71D81BBEFBCA00940C17 /* Frameworks */,
				D02A71D91BBEFBCA00940C17 /* Headers */,
				D02A71DA1BBEFBCA00940C17 /* Resources */,
				D02A72261BBF012400940C17 /* ShellScript */,
				D02A722D1BBF028E00940C17 /* CopyFiles */,
			);
			buildRules = (
			);
			dependencies = (
			);
			name = SwiftDDP;
			productName = SwiftDDP;
			productReference = D02A71DC1BBEFBCA00940C17 /* SwiftDDP.framework */;
			productType = "com.apple.product-type.framework";
		};
		D02A72521BBF07AF00940C17 /* SwiftDDP Tests */ = {
			isa = PBXNativeTarget;
			buildConfigurationList = D02A725B1BBF07AF00940C17 /* Build configuration list for PBXNativeTarget "SwiftDDP Tests" */;
			buildPhases = (
				D02A724F1BBF07AF00940C17 /* Sources */,
				D02A72501BBF07AF00940C17 /* Frameworks */,
				D02A72511BBF07AF00940C17 /* Resources */,
				D02A72601BBF086A00940C17 /* ShellScript */,
			);
			buildRules = (
			);
			dependencies = (
				D02A725A1BBF07AF00940C17 /* PBXTargetDependency */,
			);
			name = "SwiftDDP Tests";
			productName = SwiftDDPTests;
			productReference = D02A72531BBF07AF00940C17 /* SwiftDDP Tests.xctest */;
			productType = "com.apple.product-type.bundle.unit-test";
		};
/* End PBXNativeTarget section */

/* Begin PBXProject section */
		D02A71D31BBEFBCA00940C17 /* Project object */ = {
			isa = PBXProject;
			attributes = {
				LastSwiftUpdateCheck = 0720;
				LastUpgradeCheck = 0700;
				ORGANIZATIONNAME = "Peter Siegesmund";
				TargetAttributes = {
					AA0D2AC21D6BEEC700085B33 = {
						CreatedOnToolsVersion = 7.3.1;
					};
					AAFDED3B1D6BF984000583AA = {
						CreatedOnToolsVersion = 7.3.1;
					};
					AD93F6D72196B5A5006BCCC8 = {
						CreatedOnToolsVersion = 10.1;
						DevelopmentTeam = 4B5XWX34W2;
						ProvisioningStyle = Automatic;
					};
					AD93F7162196B7BA006BCCC8 = {
						CreatedOnToolsVersion = 10.1;
						DevelopmentTeam = 4B5XWX34W2;
						ProvisioningStyle = Automatic;
					};
					ADF2F0BC2196C60F00A671F2 = {
						DevelopmentTeam = 4B5XWX34W2;
					};
					ADF2F0DF2196C64D00A671F2 = {
						CreatedOnToolsVersion = 10.1;
						DevelopmentTeam = 4B5XWX34W2;
						ProvisioningStyle = Automatic;
					};
					ADFB02A52196A97F00C05B49 = {
						CreatedOnToolsVersion = 10.1;
						DevelopmentTeam = 4B5XWX34W2;
						ProvisioningStyle = Automatic;
					};
					D02A71DB1BBEFBCA00940C17 = {
						CreatedOnToolsVersion = 7.0;
						DevelopmentTeam = 4B5XWX34W2;
						LastSwiftMigration = 0810;
					};
					D02A72521BBF07AF00940C17 = {
						CreatedOnToolsVersion = 7.0;
						LastSwiftMigration = 0810;
					};
				};
			};
			buildConfigurationList = D02A71D61BBEFBCA00940C17 /* Build configuration list for PBXProject "SwiftDDP" */;
			compatibilityVersion = "Xcode 3.2";
			developmentRegion = English;
			hasScannedForEncodings = 0;
			knownRegions = (
				en,
			);
			mainGroup = D02A71D21BBEFBCA00940C17;
			productRefGroup = D02A71DD1BBEFBCA00940C17 /* Products */;
			projectDirPath = "";
			projectRoot = "";
			targets = (
				D02A71DB1BBEFBCA00940C17 /* SwiftDDP */,
				D02A72521BBF07AF00940C17 /* SwiftDDP Tests */,
				AA0D2AC21D6BEEC700085B33 /* SwiftDDP-tvOS */,
				AAFDED3B1D6BF984000583AA /* SwiftDDP-OSX */,
				ADFB02A52196A97F00C05B49 /* Swift DDP Framework */,
				AD93F6D72196B5A5006BCCC8 /* SwiftDDPFramework */,
				AD93F7162196B7BA006BCCC8 /* SwiftDDPTouch */,
				ADF2F0BC2196C60F00A671F2 /* SwiftDDP copy */,
				ADF2F0DF2196C64D00A671F2 /* TGSSwiftDDP */,
			);
		};
/* End PBXProject section */

/* Begin PBXResourcesBuildPhase section */
		AA0D2AC11D6BEEC700085B33 /* Resources */ = {
			isa = PBXResourcesBuildPhase;
			buildActionMask = 2147483647;
			files = (
			);
			runOnlyForDeploymentPostprocessing = 0;
		};
		AAFDED3A1D6BF984000583AA /* Resources */ = {
			isa = PBXResourcesBuildPhase;
			buildActionMask = 2147483647;
			files = (
			);
			runOnlyForDeploymentPostprocessing = 0;
		};
		AD93F6D62196B5A5006BCCC8 /* Resources */ = {
			isa = PBXResourcesBuildPhase;
			buildActionMask = 2147483647;
			files = (
			);
			runOnlyForDeploymentPostprocessing = 0;
		};
		AD93F7152196B7BA006BCCC8 /* Resources */ = {
			isa = PBXResourcesBuildPhase;
			buildActionMask = 2147483647;
			files = (
			);
			runOnlyForDeploymentPostprocessing = 0;
		};
		ADF2F0D02196C60F00A671F2 /* Resources */ = {
			isa = PBXResourcesBuildPhase;
			buildActionMask = 2147483647;
			files = (
			);
			runOnlyForDeploymentPostprocessing = 0;
		};
		ADF2F0DE2196C64D00A671F2 /* Resources */ = {
			isa = PBXResourcesBuildPhase;
			buildActionMask = 2147483647;
			files = (
			);
			runOnlyForDeploymentPostprocessing = 0;
		};
		ADFB02A42196A97F00C05B49 /* Resources */ = {
			isa = PBXResourcesBuildPhase;
			buildActionMask = 2147483647;
			files = (
			);
			runOnlyForDeploymentPostprocessing = 0;
		};
		D02A71DA1BBEFBCA00940C17 /* Resources */ = {
			isa = PBXResourcesBuildPhase;
			buildActionMask = 2147483647;
			files = (
			);
			runOnlyForDeploymentPostprocessing = 0;
		};
		D02A72511BBF07AF00940C17 /* Resources */ = {
			isa = PBXResourcesBuildPhase;
			buildActionMask = 2147483647;
			files = (
			);
			runOnlyForDeploymentPostprocessing = 0;
		};
/* End PBXResourcesBuildPhase section */

/* Begin PBXShellScriptBuildPhase section */
		ADF2F0D12196C60F00A671F2 /* ShellScript */ = {
			isa = PBXShellScriptBuildPhase;
			buildActionMask = 2147483647;
			files = (
			);
			inputPaths = (
				"$(SRCROOT)/Carthage/Build/iOS/CryptoSwift.framework",
				"$(SRCROOT)/Carthage/Build/iOS/SwiftWebSocket.framework",
				"$(SRCROOT)/Carthage/Build/iOS/XCGLogger.framework",
			);
			outputPaths = (
			);
			runOnlyForDeploymentPostprocessing = 0;
			shellPath = /bin/sh;
			shellScript = "/usr/local/bin/carthage copy-frameworks";
		};
		D02A72261BBF012400940C17 /* ShellScript */ = {
			isa = PBXShellScriptBuildPhase;
			buildActionMask = 2147483647;
			files = (
			);
			inputPaths = (
				"$(SRCROOT)/Carthage/Build/iOS/CryptoSwift.framework",
				"$(SRCROOT)/Carthage/Build/iOS/SwiftWebSocket.framework",
				"$(SRCROOT)/Carthage/Build/iOS/XCGLogger.framework",
			);
			outputPaths = (
			);
			runOnlyForDeploymentPostprocessing = 0;
			shellPath = /bin/sh;
			shellScript = "/usr/local/bin/carthage copy-frameworks";
		};
		D02A72601BBF086A00940C17 /* ShellScript */ = {
			isa = PBXShellScriptBuildPhase;
			buildActionMask = 2147483647;
			files = (
			);
			inputPaths = (
				"$(SRCROOT)/Carthage/Build/iOS/Quick.framework",
				"$(SRCROOT)/Carthage/Build/iOS/Nimble.framework",
			);
			outputPaths = (
			);
			runOnlyForDeploymentPostprocessing = 0;
			shellPath = /bin/sh;
			shellScript = "/usr/local/bin/carthage copy-frameworks";
		};
/* End PBXShellScriptBuildPhase section */

/* Begin PBXSourcesBuildPhase section */
		AA0D2ABE1D6BEEC700085B33 /* Sources */ = {
			isa = PBXSourcesBuildPhase;
			buildActionMask = 2147483647;
			files = (
				AA0D2ACB1D6BF0F500085B33 /* DDPExponentialBackoff.swift in Sources */,
				AA0D2ACC1D6BF0F500085B33 /* DDPClient.swift in Sources */,
				AA0D2ACD1D6BF0F500085B33 /* DDPEvents.swift in Sources */,
				AA0D2ACE1D6BF0F500085B33 /* DDPCompletion.swift in Sources */,
				AA0D2ACF1D6BF0F500085B33 /* DDPMessage.swift in Sources */,
				AA0D2AD01D6BF0F500085B33 /* DDPExtensions.swift in Sources */,
				AA0D2AD11D6BF0F500085B33 /* DDPMethodResult.swift in Sources */,
				AA0D2AD21D6BF0F500085B33 /* DDPUtilities.swift in Sources */,
				AA0D2AD31D6BF0F500085B33 /* Meteor.swift in Sources */,
				AA0D2AD41D6BF0F500085B33 /* AbstractCollection.swift in Sources */,
				AA0D2AD51D6BF0F500085B33 /* MeteorCollection.swift in Sources */,
				AA0D2AD61D6BF0F500085B33 /* MeteorDocument.swift in Sources */,
				AA0D2ADA1D6BF0F500085B33 /* EJSON.swift in Sources */,
			);
			runOnlyForDeploymentPostprocessing = 0;
		};
		AAFDED371D6BF984000583AA /* Sources */ = {
			isa = PBXSourcesBuildPhase;
			buildActionMask = 2147483647;
			files = (
			);
			runOnlyForDeploymentPostprocessing = 0;
		};
		AD93F6D42196B5A5006BCCC8 /* Sources */ = {
			isa = PBXSourcesBuildPhase;
			buildActionMask = 2147483647;
			files = (
			);
			runOnlyForDeploymentPostprocessing = 0;
		};
		AD93F7132196B7BA006BCCC8 /* Sources */ = {
			isa = PBXSourcesBuildPhase;
			buildActionMask = 2147483647;
			files = (
			);
			runOnlyForDeploymentPostprocessing = 0;
		};
		ADF2F0BD2196C60F00A671F2 /* Sources */ = {
			isa = PBXSourcesBuildPhase;
			buildActionMask = 2147483647;
			files = (
				ADF2F0BE2196C60F00A671F2 /* DDPCompletion.swift in Sources */,
				ADF2F0BF2196C60F00A671F2 /* DDPClient.swift in Sources */,
				ADF2F0C02196C60F00A671F2 /* EJSON.swift in Sources */,
				ADF2F0C12196C60F00A671F2 /* MeteorCollection.swift in Sources */,
				ADF2F0C22196C60F00A671F2 /* DDPMethodResult.swift in Sources */,
				ADF2F0C32196C60F00A671F2 /* AbstractCollection.swift in Sources */,
				ADF2F0C42196C60F00A671F2 /* DDPMessage.swift in Sources */,
				ADF2F0C52196C60F00A671F2 /* DDPUtilities.swift in Sources */,
				ADF2F0C62196C60F00A671F2 /* MeteorDocument.swift in Sources */,
				ADF2F0C72196C60F00A671F2 /* DDPExtensions.swift in Sources */,
				ADF2F0C82196C60F00A671F2 /* DDPExponentialBackoff.swift in Sources */,
				ADF2F0C92196C60F00A671F2 /* Meteor.swift in Sources */,
				ADF2F0CA2196C60F00A671F2 /* DDPEvents.swift in Sources */,
			);
			runOnlyForDeploymentPostprocessing = 0;
		};
		ADF2F0DC2196C64D00A671F2 /* Sources */ = {
			isa = PBXSourcesBuildPhase;
			buildActionMask = 2147483647;
			files = (
			);
			runOnlyForDeploymentPostprocessing = 0;
		};
		ADFB02A22196A97F00C05B49 /* Sources */ = {
			isa = PBXSourcesBuildPhase;
			buildActionMask = 2147483647;
			files = (
			);
			runOnlyForDeploymentPostprocessing = 0;
		};
		D02A71D71BBEFBCA00940C17 /* Sources */ = {
			isa = PBXSourcesBuildPhase;
			buildActionMask = 2147483647;
			files = (
				D04D0DAB1C21ADF9000244D6 /* DDPCompletion.swift in Sources */,
				D02A72101BBEFCD300940C17 /* DDPClient.swift in Sources */,
				D0F6C99D1BFFA04600A6CB70 /* EJSON.swift in Sources */,
				D0339DD41C00DAB000A17DEB /* MeteorCollection.swift in Sources */,
				D02B30831BDA8E2200E1DB72 /* DDPMethodResult.swift in Sources */,
				D0339DD21C00DA6100A17DEB /* AbstractCollection.swift in Sources */,
				D02A72111BBEFCD300940C17 /* DDPMessage.swift in Sources */,
				D0D724661C4E7FBA00EE91DC /* DDPUtilities.swift in Sources */,
				D04D0DB91C21D489000244D6 /* MeteorDocument.swift in Sources */,
				D02A72121BBEFCD300940C17 /* DDPExtensions.swift in Sources */,
				6FFFCBC71C64352300C147F2 /* DDPExponentialBackoff.swift in Sources */,
				D0C71B561BC172F40089B6CE /* Meteor.swift in Sources */,
				D02A72131BBEFCD300940C17 /* DDPEvents.swift in Sources */,
			);
			runOnlyForDeploymentPostprocessing = 0;
		};
		D02A724F1BBF07AF00940C17 /* Sources */ = {
			isa = PBXSourcesBuildPhase;
			buildActionMask = 2147483647;
			files = (
				D0C71B5B1BC174280089B6CE /* Data.swift in Sources */,
				D02A72561BBF07AF00940C17 /* SwiftDDP.swift in Sources */,
				D0C71B581BC173030089B6CE /* SwiftMeteor.swift in Sources */,
			);
			runOnlyForDeploymentPostprocessing = 0;
		};
/* End PBXSourcesBuildPhase section */

/* Begin PBXTargetDependency section */
		D02A725A1BBF07AF00940C17 /* PBXTargetDependency */ = {
			isa = PBXTargetDependency;
			target = D02A71DB1BBEFBCA00940C17 /* SwiftDDP */;
			targetProxy = D02A72591BBF07AF00940C17 /* PBXContainerItemProxy */;
		};
/* End PBXTargetDependency section */

/* Begin XCBuildConfiguration section */
		AA0D2AC81D6BEEC700085B33 /* Debug */ = {
			isa = XCBuildConfiguration;
			buildSettings = {
				BITCODE_GENERATION_MODE = bitcode;
				CLANG_ANALYZER_NONNULL = YES;
				DEFINES_MODULE = YES;
				DYLIB_COMPATIBILITY_VERSION = 1;
				DYLIB_CURRENT_VERSION = 1;
				DYLIB_INSTALL_NAME_BASE = "@rpath";
				FRAMEWORK_SEARCH_PATHS = (
					"$(inherited)",
					"$(PROJECT_DIR)/Carthage/Build/tvOS",
				);
				INFOPLIST_FILE = "SwiftDDP-tvOS/Info.plist";
				INSTALL_PATH = "$(LOCAL_LIBRARY_DIR)/Frameworks";
				LD_RUNPATH_SEARCH_PATHS = "$(inherited) @executable_path/Frameworks @loader_path/Frameworks";
				PRODUCT_BUNDLE_IDENTIFIER = io.houndfish.SwiftDDP;
				PRODUCT_NAME = SwiftDDP;
				SDKROOT = appletvos;
				SKIP_INSTALL = YES;
				SUPPORTED_PLATFORMS = "appletvsimulator appletvos";
				SWIFT_VERSION = 4.0;
				TARGETED_DEVICE_FAMILY = 3;
				TVOS_DEPLOYMENT_TARGET = 9.2;
			};
			name = Debug;
		};
		AA0D2AC91D6BEEC700085B33 /* Release */ = {
			isa = XCBuildConfiguration;
			buildSettings = {
				CLANG_ANALYZER_NONNULL = YES;
				DEBUG_INFORMATION_FORMAT = "dwarf-with-dsym";
				DEFINES_MODULE = YES;
				DYLIB_COMPATIBILITY_VERSION = 1;
				DYLIB_CURRENT_VERSION = 1;
				DYLIB_INSTALL_NAME_BASE = "@rpath";
				FRAMEWORK_SEARCH_PATHS = (
					"$(inherited)",
					"$(PROJECT_DIR)/Carthage/Build/tvOS",
				);
				INFOPLIST_FILE = "SwiftDDP-tvOS/Info.plist";
				INSTALL_PATH = "$(LOCAL_LIBRARY_DIR)/Frameworks";
				LD_RUNPATH_SEARCH_PATHS = "$(inherited) @executable_path/Frameworks @loader_path/Frameworks";
				PRODUCT_BUNDLE_IDENTIFIER = io.houndfish.SwiftDDP;
				PRODUCT_NAME = SwiftDDP;
				SDKROOT = appletvos;
				SKIP_INSTALL = YES;
				SUPPORTED_PLATFORMS = "appletvsimulator appletvos";
				SWIFT_VERSION = 4.0;
				TARGETED_DEVICE_FAMILY = 3;
				TVOS_DEPLOYMENT_TARGET = 9.2;
			};
			name = Release;
		};
		AAFDED411D6BF984000583AA /* Debug */ = {
			isa = XCBuildConfiguration;
			buildSettings = {
				CLANG_ANALYZER_NONNULL = YES;
				CODE_SIGN_IDENTITY = "-";
				COMBINE_HIDPI_IMAGES = YES;
				DEFINES_MODULE = YES;
				DYLIB_COMPATIBILITY_VERSION = 1;
				DYLIB_CURRENT_VERSION = 1;
				DYLIB_INSTALL_NAME_BASE = "@rpath";
				FRAMEWORK_VERSION = A;
				INFOPLIST_FILE = "SwiftDDP-OSX/Info.plist";
				INSTALL_PATH = "$(LOCAL_LIBRARY_DIR)/Frameworks";
				LD_RUNPATH_SEARCH_PATHS = "$(inherited) @executable_path/../Frameworks @loader_path/Frameworks";
				MACOSX_DEPLOYMENT_TARGET = 10.11;
				PRODUCT_BUNDLE_IDENTIFIER = "io.houndfish.SwiftDDP-OSX";
				PRODUCT_NAME = SwiftDDP;
				SDKROOT = macosx;
				SKIP_INSTALL = YES;
				SUPPORTED_PLATFORMS = macosx;
			};
			name = Debug;
		};
		AAFDED421D6BF984000583AA /* Release */ = {
			isa = XCBuildConfiguration;
			buildSettings = {
				CLANG_ANALYZER_NONNULL = YES;
				CODE_SIGN_IDENTITY = "-";
				COMBINE_HIDPI_IMAGES = YES;
				DEFINES_MODULE = YES;
				DYLIB_COMPATIBILITY_VERSION = 1;
				DYLIB_CURRENT_VERSION = 1;
				DYLIB_INSTALL_NAME_BASE = "@rpath";
				FRAMEWORK_VERSION = A;
				INFOPLIST_FILE = "SwiftDDP-OSX/Info.plist";
				INSTALL_PATH = "$(LOCAL_LIBRARY_DIR)/Frameworks";
				LD_RUNPATH_SEARCH_PATHS = "$(inherited) @executable_path/../Frameworks @loader_path/Frameworks";
				MACOSX_DEPLOYMENT_TARGET = 10.11;
				PRODUCT_BUNDLE_IDENTIFIER = "io.houndfish.SwiftDDP-OSX";
				PRODUCT_NAME = SwiftDDP;
				SDKROOT = macosx;
				SKIP_INSTALL = YES;
				SUPPORTED_PLATFORMS = macosx;
			};
			name = Release;
		};
		AD93F6DE2196B5A5006BCCC8 /* Debug */ = {
			isa = XCBuildConfiguration;
			buildSettings = {
				CLANG_ANALYZER_NONNULL = YES;
				CLANG_ANALYZER_NUMBER_OBJECT_CONVERSION = YES_AGGRESSIVE;
				CLANG_CXX_LANGUAGE_STANDARD = "gnu++14";
				CLANG_ENABLE_OBJC_WEAK = YES;
				CLANG_WARN_BLOCK_CAPTURE_AUTORELEASING = YES;
				CLANG_WARN_COMMA = YES;
				CLANG_WARN_DEPRECATED_OBJC_IMPLEMENTATIONS = YES;
				CLANG_WARN_DOCUMENTATION_COMMENTS = YES;
				CLANG_WARN_INFINITE_RECURSION = YES;
				CLANG_WARN_NON_LITERAL_NULL_CONVERSION = YES;
				CLANG_WARN_OBJC_IMPLICIT_RETAIN_SELF = YES;
				CLANG_WARN_OBJC_LITERAL_CONVERSION = YES;
				CLANG_WARN_RANGE_LOOP_ANALYSIS = YES;
				CLANG_WARN_STRICT_PROTOTYPES = YES;
				CLANG_WARN_SUSPICIOUS_MOVE = YES;
				CLANG_WARN_UNGUARDED_AVAILABILITY = YES_AGGRESSIVE;
				CODE_SIGN_IDENTITY = "iPhone Distribution: TGS-Think Global School, Inc.";
				CODE_SIGN_STYLE = Automatic;
				COMBINE_HIDPI_IMAGES = YES;
				DEFINES_MODULE = YES;
				DEVELOPMENT_TEAM = 4B5XWX34W2;
				DYLIB_COMPATIBILITY_VERSION = 1;
				DYLIB_CURRENT_VERSION = 1;
				DYLIB_INSTALL_NAME_BASE = "@rpath";
				FRAMEWORK_VERSION = A;
				GCC_C_LANGUAGE_STANDARD = gnu11;
				INFOPLIST_FILE = SwiftDDPFramework/Info.plist;
				INSTALL_PATH = "$(LOCAL_LIBRARY_DIR)/Frameworks";
				LD_RUNPATH_SEARCH_PATHS = "$(inherited) @executable_path/../Frameworks @loader_path/Frameworks";
				MACOSX_DEPLOYMENT_TARGET = 10.14;
				MTL_ENABLE_DEBUG_INFO = INCLUDE_SOURCE;
				MTL_FAST_MATH = YES;
				PRODUCT_BUNDLE_IDENTIFIER = com.jakeols.swiftddp.SwiftDDPFramework;
				PRODUCT_NAME = "$(TARGET_NAME:c99extidentifier)";
				SDKROOT = macosx;
				SKIP_INSTALL = YES;
				SWIFT_ACTIVE_COMPILATION_CONDITIONS = DEBUG;
				SWIFT_VERSION = 4.2;
			};
			name = Debug;
		};
		AD93F6DF2196B5A5006BCCC8 /* Release */ = {
			isa = XCBuildConfiguration;
			buildSettings = {
				CLANG_ANALYZER_NONNULL = YES;
				CLANG_ANALYZER_NUMBER_OBJECT_CONVERSION = YES_AGGRESSIVE;
				CLANG_CXX_LANGUAGE_STANDARD = "gnu++14";
				CLANG_ENABLE_OBJC_WEAK = YES;
				CLANG_WARN_BLOCK_CAPTURE_AUTORELEASING = YES;
				CLANG_WARN_COMMA = YES;
				CLANG_WARN_DEPRECATED_OBJC_IMPLEMENTATIONS = YES;
				CLANG_WARN_DOCUMENTATION_COMMENTS = YES;
				CLANG_WARN_INFINITE_RECURSION = YES;
				CLANG_WARN_NON_LITERAL_NULL_CONVERSION = YES;
				CLANG_WARN_OBJC_IMPLICIT_RETAIN_SELF = YES;
				CLANG_WARN_OBJC_LITERAL_CONVERSION = YES;
				CLANG_WARN_RANGE_LOOP_ANALYSIS = YES;
				CLANG_WARN_STRICT_PROTOTYPES = YES;
				CLANG_WARN_SUSPICIOUS_MOVE = YES;
				CLANG_WARN_UNGUARDED_AVAILABILITY = YES_AGGRESSIVE;
				CODE_SIGN_IDENTITY = "iPhone Distribution: TGS-Think Global School, Inc.";
				CODE_SIGN_STYLE = Automatic;
				COMBINE_HIDPI_IMAGES = YES;
				DEFINES_MODULE = YES;
				DEVELOPMENT_TEAM = 4B5XWX34W2;
				DYLIB_COMPATIBILITY_VERSION = 1;
				DYLIB_CURRENT_VERSION = 1;
				DYLIB_INSTALL_NAME_BASE = "@rpath";
				FRAMEWORK_VERSION = A;
				GCC_C_LANGUAGE_STANDARD = gnu11;
				INFOPLIST_FILE = SwiftDDPFramework/Info.plist;
				INSTALL_PATH = "$(LOCAL_LIBRARY_DIR)/Frameworks";
				LD_RUNPATH_SEARCH_PATHS = "$(inherited) @executable_path/../Frameworks @loader_path/Frameworks";
				MACOSX_DEPLOYMENT_TARGET = 10.14;
				MTL_FAST_MATH = YES;
				PRODUCT_BUNDLE_IDENTIFIER = com.jakeols.swiftddp.SwiftDDPFramework;
				PRODUCT_NAME = "$(TARGET_NAME:c99extidentifier)";
				SDKROOT = macosx;
				SKIP_INSTALL = YES;
				SWIFT_OPTIMIZATION_LEVEL = "-Owholemodule";
				SWIFT_VERSION = 4.2;
			};
			name = Release;
		};
		AD93F71D2196B7BA006BCCC8 /* Debug */ = {
			isa = XCBuildConfiguration;
			buildSettings = {
				CLANG_ANALYZER_NONNULL = YES;
				CLANG_ANALYZER_NUMBER_OBJECT_CONVERSION = YES_AGGRESSIVE;
				CLANG_CXX_LANGUAGE_STANDARD = "gnu++14";
				CLANG_ENABLE_OBJC_WEAK = YES;
				CLANG_WARN_BLOCK_CAPTURE_AUTORELEASING = YES;
				CLANG_WARN_COMMA = YES;
				CLANG_WARN_DEPRECATED_OBJC_IMPLEMENTATIONS = YES;
				CLANG_WARN_DOCUMENTATION_COMMENTS = YES;
				CLANG_WARN_INFINITE_RECURSION = YES;
				CLANG_WARN_NON_LITERAL_NULL_CONVERSION = YES;
				CLANG_WARN_OBJC_IMPLICIT_RETAIN_SELF = YES;
				CLANG_WARN_OBJC_LITERAL_CONVERSION = YES;
				CLANG_WARN_RANGE_LOOP_ANALYSIS = YES;
				CLANG_WARN_STRICT_PROTOTYPES = YES;
				CLANG_WARN_SUSPICIOUS_MOVE = YES;
				CLANG_WARN_UNGUARDED_AVAILABILITY = YES_AGGRESSIVE;
				CODE_SIGN_IDENTITY = "iPhone Developer";
				CODE_SIGN_STYLE = Automatic;
				DEFINES_MODULE = YES;
				DEVELOPMENT_TEAM = 4B5XWX34W2;
				DYLIB_COMPATIBILITY_VERSION = 1;
				DYLIB_CURRENT_VERSION = 1;
				DYLIB_INSTALL_NAME_BASE = "@rpath";
				GCC_C_LANGUAGE_STANDARD = gnu11;
				INFOPLIST_FILE = SwiftDDPTouch/Info.plist;
				INSTALL_PATH = "$(LOCAL_LIBRARY_DIR)/Frameworks";
				IPHONEOS_DEPLOYMENT_TARGET = 9.0;
				LD_RUNPATH_SEARCH_PATHS = "$(inherited) @executable_path/Frameworks @loader_path/Frameworks";
				MTL_ENABLE_DEBUG_INFO = INCLUDE_SOURCE;
				MTL_FAST_MATH = YES;
				PRODUCT_BUNDLE_IDENTIFIER = com.jakeols.swiftddp.SwiftDDPTouch;
				PRODUCT_NAME = "$(TARGET_NAME:c99extidentifier)";
				SKIP_INSTALL = YES;
				SWIFT_ACTIVE_COMPILATION_CONDITIONS = DEBUG;
				SWIFT_VERSION = 4.2;
				TARGETED_DEVICE_FAMILY = "1,2";
			};
			name = Debug;
		};
		AD93F71E2196B7BA006BCCC8 /* Release */ = {
			isa = XCBuildConfiguration;
			buildSettings = {
				CLANG_ANALYZER_NONNULL = YES;
				CLANG_ANALYZER_NUMBER_OBJECT_CONVERSION = YES_AGGRESSIVE;
				CLANG_CXX_LANGUAGE_STANDARD = "gnu++14";
				CLANG_ENABLE_OBJC_WEAK = YES;
				CLANG_WARN_BLOCK_CAPTURE_AUTORELEASING = YES;
				CLANG_WARN_COMMA = YES;
				CLANG_WARN_DEPRECATED_OBJC_IMPLEMENTATIONS = YES;
				CLANG_WARN_DOCUMENTATION_COMMENTS = YES;
				CLANG_WARN_INFINITE_RECURSION = YES;
				CLANG_WARN_NON_LITERAL_NULL_CONVERSION = YES;
				CLANG_WARN_OBJC_IMPLICIT_RETAIN_SELF = YES;
				CLANG_WARN_OBJC_LITERAL_CONVERSION = YES;
				CLANG_WARN_RANGE_LOOP_ANALYSIS = YES;
				CLANG_WARN_STRICT_PROTOTYPES = YES;
				CLANG_WARN_SUSPICIOUS_MOVE = YES;
				CLANG_WARN_UNGUARDED_AVAILABILITY = YES_AGGRESSIVE;
				CODE_SIGN_IDENTITY = "iPhone Developer";
				CODE_SIGN_STYLE = Automatic;
				DEFINES_MODULE = YES;
				DEVELOPMENT_TEAM = 4B5XWX34W2;
				DYLIB_COMPATIBILITY_VERSION = 1;
				DYLIB_CURRENT_VERSION = 1;
				DYLIB_INSTALL_NAME_BASE = "@rpath";
				GCC_C_LANGUAGE_STANDARD = gnu11;
				INFOPLIST_FILE = SwiftDDPTouch/Info.plist;
				INSTALL_PATH = "$(LOCAL_LIBRARY_DIR)/Frameworks";
				IPHONEOS_DEPLOYMENT_TARGET = 9.0;
				LD_RUNPATH_SEARCH_PATHS = "$(inherited) @executable_path/Frameworks @loader_path/Frameworks";
				MTL_FAST_MATH = YES;
				PRODUCT_BUNDLE_IDENTIFIER = com.jakeols.swiftddp.SwiftDDPTouch;
				PRODUCT_NAME = "$(TARGET_NAME:c99extidentifier)";
				SKIP_INSTALL = YES;
				SWIFT_OPTIMIZATION_LEVEL = "-Owholemodule";
				SWIFT_VERSION = 4.2;
				TARGETED_DEVICE_FAMILY = "1,2";
			};
			name = Release;
		};
		ADF2F0D72196C60F00A671F2 /* Debug */ = {
			isa = XCBuildConfiguration;
			buildSettings = {
				CODE_SIGN_IDENTITY = "iPhone Developer";
				DEFINES_MODULE = YES;
				DEVELOPMENT_TEAM = 4B5XWX34W2;
				DYLIB_COMPATIBILITY_VERSION = 1;
				DYLIB_CURRENT_VERSION = 1;
				DYLIB_INSTALL_NAME_BASE = "@rpath";
				ENABLE_TESTABILITY = YES;
				FRAMEWORK_SEARCH_PATHS = (
					"$(inherited)",
					"$(PROJECT_DIR)/Carthage/Build/iOS",
				);
				INFOPLIST_FILE = "SwiftDDP copy-Info.plist";
				INSTALL_PATH = "$(LOCAL_LIBRARY_DIR)/Frameworks";
				LD_RUNPATH_SEARCH_PATHS = "$(inherited) @executable_path/Frameworks @loader_path/Frameworks";
				PRODUCT_BUNDLE_IDENTIFIER = io.houndfish.SwiftDDP;
				PRODUCT_NAME = "$(TARGET_NAME)";
				SKIP_INSTALL = YES;
				SWIFT_VERSION = 3.0;
			};
			name = Debug;
		};
		ADF2F0D82196C60F00A671F2 /* Release */ = {
			isa = XCBuildConfiguration;
			buildSettings = {
				DEFINES_MODULE = YES;
				DEVELOPMENT_TEAM = 4B5XWX34W2;
				DYLIB_COMPATIBILITY_VERSION = 1;
				DYLIB_CURRENT_VERSION = 1;
				DYLIB_INSTALL_NAME_BASE = "@rpath";
				ENABLE_TESTABILITY = YES;
				FRAMEWORK_SEARCH_PATHS = (
					"$(inherited)",
					"$(PROJECT_DIR)/Carthage/Build/iOS",
				);
				INFOPLIST_FILE = "SwiftDDP copy-Info.plist";
				INSTALL_PATH = "$(LOCAL_LIBRARY_DIR)/Frameworks";
				LD_RUNPATH_SEARCH_PATHS = "$(inherited) @executable_path/Frameworks @loader_path/Frameworks";
				PRODUCT_BUNDLE_IDENTIFIER = io.houndfish.SwiftDDP;
				PRODUCT_NAME = "$(TARGET_NAME)";
				SKIP_INSTALL = YES;
				SWIFT_VERSION = 3.0;
			};
			name = Release;
		};
		ADF2F0E62196C64D00A671F2 /* Debug */ = {
			isa = XCBuildConfiguration;
			buildSettings = {
				CLANG_ANALYZER_NONNULL = YES;
				CLANG_ANALYZER_NUMBER_OBJECT_CONVERSION = YES_AGGRESSIVE;
				CLANG_CXX_LANGUAGE_STANDARD = "gnu++14";
				CLANG_ENABLE_OBJC_WEAK = YES;
				CLANG_WARN_BLOCK_CAPTURE_AUTORELEASING = YES;
				CLANG_WARN_COMMA = YES;
				CLANG_WARN_DEPRECATED_OBJC_IMPLEMENTATIONS = YES;
				CLANG_WARN_DOCUMENTATION_COMMENTS = YES;
				CLANG_WARN_INFINITE_RECURSION = YES;
				CLANG_WARN_NON_LITERAL_NULL_CONVERSION = YES;
				CLANG_WARN_OBJC_IMPLICIT_RETAIN_SELF = YES;
				CLANG_WARN_OBJC_LITERAL_CONVERSION = YES;
				CLANG_WARN_RANGE_LOOP_ANALYSIS = YES;
				CLANG_WARN_STRICT_PROTOTYPES = YES;
				CLANG_WARN_SUSPICIOUS_MOVE = YES;
				CLANG_WARN_UNGUARDED_AVAILABILITY = YES_AGGRESSIVE;
				CODE_SIGN_IDENTITY = "iPhone Developer";
				CODE_SIGN_STYLE = Automatic;
				DEFINES_MODULE = YES;
				DEVELOPMENT_TEAM = 4B5XWX34W2;
				DYLIB_COMPATIBILITY_VERSION = 1;
				DYLIB_CURRENT_VERSION = 1;
				DYLIB_INSTALL_NAME_BASE = "@rpath";
				GCC_C_LANGUAGE_STANDARD = gnu11;
				INFOPLIST_FILE = TGSSwiftDDP/Info.plist;
				INSTALL_PATH = "$(LOCAL_LIBRARY_DIR)/Frameworks";
				IPHONEOS_DEPLOYMENT_TARGET = 8.0;
				LD_RUNPATH_SEARCH_PATHS = "$(inherited) @executable_path/Frameworks @loader_path/Frameworks";
				MTL_ENABLE_DEBUG_INFO = INCLUDE_SOURCE;
				MTL_FAST_MATH = YES;
				PRODUCT_BUNDLE_IDENTIFIER = com.jakeols.swiftddp.TGSSwiftDDP;
				PRODUCT_NAME = "$(TARGET_NAME:c99extidentifier)";
				SKIP_INSTALL = YES;
				SWIFT_ACTIVE_COMPILATION_CONDITIONS = DEBUG;
				SWIFT_VERSION = 4.2;
				TARGETED_DEVICE_FAMILY = "1,2";
			};
			name = Debug;
		};
		ADF2F0E72196C64D00A671F2 /* Release */ = {
			isa = XCBuildConfiguration;
			buildSettings = {
				CLANG_ANALYZER_NONNULL = YES;
				CLANG_ANALYZER_NUMBER_OBJECT_CONVERSION = YES_AGGRESSIVE;
				CLANG_CXX_LANGUAGE_STANDARD = "gnu++14";
				CLANG_ENABLE_OBJC_WEAK = YES;
				CLANG_WARN_BLOCK_CAPTURE_AUTORELEASING = YES;
				CLANG_WARN_COMMA = YES;
				CLANG_WARN_DEPRECATED_OBJC_IMPLEMENTATIONS = YES;
				CLANG_WARN_DOCUMENTATION_COMMENTS = YES;
				CLANG_WARN_INFINITE_RECURSION = YES;
				CLANG_WARN_NON_LITERAL_NULL_CONVERSION = YES;
				CLANG_WARN_OBJC_IMPLICIT_RETAIN_SELF = YES;
				CLANG_WARN_OBJC_LITERAL_CONVERSION = YES;
				CLANG_WARN_RANGE_LOOP_ANALYSIS = YES;
				CLANG_WARN_STRICT_PROTOTYPES = YES;
				CLANG_WARN_SUSPICIOUS_MOVE = YES;
				CLANG_WARN_UNGUARDED_AVAILABILITY = YES_AGGRESSIVE;
				CODE_SIGN_IDENTITY = "iPhone Developer";
				CODE_SIGN_STYLE = Automatic;
				DEFINES_MODULE = YES;
				DEVELOPMENT_TEAM = 4B5XWX34W2;
				DYLIB_COMPATIBILITY_VERSION = 1;
				DYLIB_CURRENT_VERSION = 1;
				DYLIB_INSTALL_NAME_BASE = "@rpath";
				GCC_C_LANGUAGE_STANDARD = gnu11;
				INFOPLIST_FILE = TGSSwiftDDP/Info.plist;
				INSTALL_PATH = "$(LOCAL_LIBRARY_DIR)/Frameworks";
				IPHONEOS_DEPLOYMENT_TARGET = 8.0;
				LD_RUNPATH_SEARCH_PATHS = "$(inherited) @executable_path/Frameworks @loader_path/Frameworks";
				MTL_FAST_MATH = YES;
				PRODUCT_BUNDLE_IDENTIFIER = com.jakeols.swiftddp.TGSSwiftDDP;
				PRODUCT_NAME = "$(TARGET_NAME:c99extidentifier)";
				SKIP_INSTALL = YES;
				SWIFT_OPTIMIZATION_LEVEL = "-Owholemodule";
				SWIFT_VERSION = 4.2;
				TARGETED_DEVICE_FAMILY = "1,2";
			};
			name = Release;
		};
		ADFB02AB2196A97F00C05B49 /* Debug */ = {
			isa = XCBuildConfiguration;
			buildSettings = {
				CLANG_ANALYZER_NONNULL = YES;
				CLANG_ANALYZER_NUMBER_OBJECT_CONVERSION = YES_AGGRESSIVE;
				CLANG_CXX_LANGUAGE_STANDARD = "gnu++14";
				CLANG_ENABLE_OBJC_WEAK = YES;
				CLANG_WARN_BLOCK_CAPTURE_AUTORELEASING = YES;
				CLANG_WARN_COMMA = YES;
				CLANG_WARN_DEPRECATED_OBJC_IMPLEMENTATIONS = YES;
				CLANG_WARN_DOCUMENTATION_COMMENTS = YES;
				CLANG_WARN_INFINITE_RECURSION = YES;
				CLANG_WARN_NON_LITERAL_NULL_CONVERSION = YES;
				CLANG_WARN_OBJC_IMPLICIT_RETAIN_SELF = YES;
				CLANG_WARN_OBJC_LITERAL_CONVERSION = YES;
				CLANG_WARN_RANGE_LOOP_ANALYSIS = YES;
				CLANG_WARN_STRICT_PROTOTYPES = YES;
				CLANG_WARN_SUSPICIOUS_MOVE = YES;
				CLANG_WARN_UNGUARDED_AVAILABILITY = YES_AGGRESSIVE;
				CODE_SIGN_IDENTITY = "Mac Developer";
				CODE_SIGN_STYLE = Automatic;
				COMBINE_HIDPI_IMAGES = YES;
				DEFINES_MODULE = YES;
				DEVELOPMENT_TEAM = 4B5XWX34W2;
				DYLIB_COMPATIBILITY_VERSION = 1;
				DYLIB_CURRENT_VERSION = 1;
				DYLIB_INSTALL_NAME_BASE = "@rpath";
				FRAMEWORK_VERSION = A;
				GCC_C_LANGUAGE_STANDARD = gnu11;
				INFOPLIST_FILE = "Swift DDP Framework/Info.plist";
				INSTALL_PATH = "$(LOCAL_LIBRARY_DIR)/Frameworks";
				LD_RUNPATH_SEARCH_PATHS = "$(inherited) @executable_path/../Frameworks @loader_path/Frameworks";
				MACOSX_DEPLOYMENT_TARGET = 10.14;
				MTL_ENABLE_DEBUG_INFO = INCLUDE_SOURCE;
				MTL_FAST_MATH = YES;
				PRODUCT_BUNDLE_IDENTIFIER = "com.jakeols.swiftddp.Swift-DDP-Framework";
				PRODUCT_NAME = "$(TARGET_NAME:c99extidentifier)";
				PROVISIONING_PROFILE_SPECIFIER = "";
				SDKROOT = macosx;
				SKIP_INSTALL = YES;
				SWIFT_ACTIVE_COMPILATION_CONDITIONS = DEBUG;
				SWIFT_VERSION = 4.2;
			};
			name = Debug;
		};
		ADFB02AC2196A97F00C05B49 /* Release */ = {
			isa = XCBuildConfiguration;
			buildSettings = {
				CLANG_ANALYZER_NONNULL = YES;
				CLANG_ANALYZER_NUMBER_OBJECT_CONVERSION = YES_AGGRESSIVE;
				CLANG_CXX_LANGUAGE_STANDARD = "gnu++14";
				CLANG_ENABLE_OBJC_WEAK = YES;
				CLANG_WARN_BLOCK_CAPTURE_AUTORELEASING = YES;
				CLANG_WARN_COMMA = YES;
				CLANG_WARN_DEPRECATED_OBJC_IMPLEMENTATIONS = YES;
				CLANG_WARN_DOCUMENTATION_COMMENTS = YES;
				CLANG_WARN_INFINITE_RECURSION = YES;
				CLANG_WARN_NON_LITERAL_NULL_CONVERSION = YES;
				CLANG_WARN_OBJC_IMPLICIT_RETAIN_SELF = YES;
				CLANG_WARN_OBJC_LITERAL_CONVERSION = YES;
				CLANG_WARN_RANGE_LOOP_ANALYSIS = YES;
				CLANG_WARN_STRICT_PROTOTYPES = YES;
				CLANG_WARN_SUSPICIOUS_MOVE = YES;
				CLANG_WARN_UNGUARDED_AVAILABILITY = YES_AGGRESSIVE;
				CODE_SIGN_IDENTITY = "Mac Developer";
				CODE_SIGN_STYLE = Automatic;
				COMBINE_HIDPI_IMAGES = YES;
				DEFINES_MODULE = YES;
				DEVELOPMENT_TEAM = 4B5XWX34W2;
				DYLIB_COMPATIBILITY_VERSION = 1;
				DYLIB_CURRENT_VERSION = 1;
				DYLIB_INSTALL_NAME_BASE = "@rpath";
				FRAMEWORK_VERSION = A;
				GCC_C_LANGUAGE_STANDARD = gnu11;
				INFOPLIST_FILE = "Swift DDP Framework/Info.plist";
				INSTALL_PATH = "$(LOCAL_LIBRARY_DIR)/Frameworks";
				LD_RUNPATH_SEARCH_PATHS = "$(inherited) @executable_path/../Frameworks @loader_path/Frameworks";
				MACOSX_DEPLOYMENT_TARGET = 10.14;
				MTL_FAST_MATH = YES;
				PRODUCT_BUNDLE_IDENTIFIER = "com.jakeols.swiftddp.Swift-DDP-Framework";
				PRODUCT_NAME = "$(TARGET_NAME:c99extidentifier)";
				PROVISIONING_PROFILE_SPECIFIER = "";
				SDKROOT = macosx;
				SKIP_INSTALL = YES;
				SWIFT_OPTIMIZATION_LEVEL = "-Owholemodule";
				SWIFT_VERSION = 4.2;
			};
			name = Release;
		};
		D02A71EE1BBEFBCA00940C17 /* Debug */ = {
			isa = XCBuildConfiguration;
			buildSettings = {
				ALWAYS_SEARCH_USER_PATHS = NO;
				CLANG_CXX_LANGUAGE_STANDARD = "gnu++0x";
				CLANG_CXX_LIBRARY = "libc++";
				CLANG_ENABLE_MODULES = YES;
				CLANG_ENABLE_OBJC_ARC = YES;
				CLANG_WARN_BOOL_CONVERSION = YES;
				CLANG_WARN_CONSTANT_CONVERSION = YES;
				CLANG_WARN_DIRECT_OBJC_ISA_USAGE = YES_ERROR;
				CLANG_WARN_EMPTY_BODY = YES;
				CLANG_WARN_ENUM_CONVERSION = YES;
				CLANG_WARN_INT_CONVERSION = YES;
				CLANG_WARN_OBJC_ROOT_CLASS = YES_ERROR;
				CLANG_WARN_UNREACHABLE_CODE = YES;
				CLANG_WARN__DUPLICATE_METHOD_MATCH = YES;
				"CODE_SIGN_IDENTITY[sdk=iphoneos*]" = "iPhone Developer";
				COPY_PHASE_STRIP = NO;
				CURRENT_PROJECT_VERSION = 1;
				DEBUG_INFORMATION_FORMAT = dwarf;
				ENABLE_STRICT_OBJC_MSGSEND = YES;
				ENABLE_TESTABILITY = YES;
				GCC_C_LANGUAGE_STANDARD = gnu99;
				GCC_DYNAMIC_NO_PIC = NO;
				GCC_NO_COMMON_BLOCKS = YES;
				GCC_OPTIMIZATION_LEVEL = 0;
				GCC_PREPROCESSOR_DEFINITIONS = (
					"DEBUG=1",
					"$(inherited)",
				);
				GCC_WARN_64_TO_32_BIT_CONVERSION = YES;
				GCC_WARN_ABOUT_RETURN_TYPE = YES_ERROR;
				GCC_WARN_UNDECLARED_SELECTOR = YES;
				GCC_WARN_UNINITIALIZED_AUTOS = YES_AGGRESSIVE;
				GCC_WARN_UNUSED_FUNCTION = YES;
				GCC_WARN_UNUSED_VARIABLE = YES;
				IPHONEOS_DEPLOYMENT_TARGET = 9.0;
				MTL_ENABLE_DEBUG_INFO = YES;
				ONLY_ACTIVE_ARCH = YES;
				SDKROOT = iphoneos;
				SUPPORTED_PLATFORMS = "iphonesimulator iphoneos";
				SWIFT_OPTIMIZATION_LEVEL = "-Onone";
				SWIFT_VERSION = 3.0;
				TARGETED_DEVICE_FAMILY = "1,2";
				VERSIONING_SYSTEM = "apple-generic";
				VERSION_INFO_PREFIX = "";
			};
			name = Debug;
		};
		D02A71EF1BBEFBCA00940C17 /* Release */ = {
			isa = XCBuildConfiguration;
			buildSettings = {
				ALWAYS_SEARCH_USER_PATHS = NO;
				CLANG_CXX_LANGUAGE_STANDARD = "gnu++0x";
				CLANG_CXX_LIBRARY = "libc++";
				CLANG_ENABLE_MODULES = YES;
				CLANG_ENABLE_OBJC_ARC = YES;
				CLANG_WARN_BOOL_CONVERSION = YES;
				CLANG_WARN_CONSTANT_CONVERSION = YES;
				CLANG_WARN_DIRECT_OBJC_ISA_USAGE = YES_ERROR;
				CLANG_WARN_EMPTY_BODY = YES;
				CLANG_WARN_ENUM_CONVERSION = YES;
				CLANG_WARN_INT_CONVERSION = YES;
				CLANG_WARN_OBJC_ROOT_CLASS = YES_ERROR;
				CLANG_WARN_UNREACHABLE_CODE = YES;
				CLANG_WARN__DUPLICATE_METHOD_MATCH = YES;
				"CODE_SIGN_IDENTITY[sdk=iphoneos*]" = "iPhone Developer";
				COPY_PHASE_STRIP = NO;
				CURRENT_PROJECT_VERSION = 1;
				DEBUG_INFORMATION_FORMAT = "dwarf-with-dsym";
				ENABLE_NS_ASSERTIONS = NO;
				ENABLE_STRICT_OBJC_MSGSEND = YES;
				ENABLE_TESTABILITY = YES;
				GCC_C_LANGUAGE_STANDARD = gnu99;
				GCC_NO_COMMON_BLOCKS = YES;
				GCC_WARN_64_TO_32_BIT_CONVERSION = YES;
				GCC_WARN_ABOUT_RETURN_TYPE = YES_ERROR;
				GCC_WARN_UNDECLARED_SELECTOR = YES;
				GCC_WARN_UNINITIALIZED_AUTOS = YES_AGGRESSIVE;
				GCC_WARN_UNUSED_FUNCTION = YES;
				GCC_WARN_UNUSED_VARIABLE = YES;
				IPHONEOS_DEPLOYMENT_TARGET = 9.0;
				MTL_ENABLE_DEBUG_INFO = NO;
				SDKROOT = iphoneos;
				SUPPORTED_PLATFORMS = "iphonesimulator iphoneos";
				SWIFT_VERSION = 3.0;
				TARGETED_DEVICE_FAMILY = "1,2";
				VALIDATE_PRODUCT = YES;
				VERSIONING_SYSTEM = "apple-generic";
				VERSION_INFO_PREFIX = "";
			};
			name = Release;
		};
		D02A71F11BBEFBCA00940C17 /* Debug */ = {
			isa = XCBuildConfiguration;
			buildSettings = {
				CODE_SIGN_IDENTITY = "iPhone Developer";
				DEFINES_MODULE = YES;
				DEVELOPMENT_TEAM = 4B5XWX34W2;
				DYLIB_COMPATIBILITY_VERSION = 1;
				DYLIB_CURRENT_VERSION = 1;
				DYLIB_INSTALL_NAME_BASE = "@rpath";
				ENABLE_TESTABILITY = YES;
				FRAMEWORK_SEARCH_PATHS = (
					"$(inherited)",
					"$(PROJECT_DIR)/Carthage/Build/iOS",
				);
				INFOPLIST_FILE = SwiftDDP/Info.plist;
				INSTALL_PATH = "$(LOCAL_LIBRARY_DIR)/Frameworks";
				LD_RUNPATH_SEARCH_PATHS = "$(inherited) @executable_path/Frameworks @loader_path/Frameworks";
				PRODUCT_BUNDLE_IDENTIFIER = io.houndfish.SwiftDDP;
				PRODUCT_NAME = "$(TARGET_NAME)";
				SKIP_INSTALL = YES;
				SWIFT_VERSION = 3.0;
			};
			name = Debug;
		};
		D02A71F21BBEFBCA00940C17 /* Release */ = {
			isa = XCBuildConfiguration;
			buildSettings = {
				DEFINES_MODULE = YES;
				DEVELOPMENT_TEAM = 4B5XWX34W2;
				DYLIB_COMPATIBILITY_VERSION = 1;
				DYLIB_CURRENT_VERSION = 1;
				DYLIB_INSTALL_NAME_BASE = "@rpath";
				ENABLE_TESTABILITY = YES;
				FRAMEWORK_SEARCH_PATHS = (
					"$(inherited)",
					"$(PROJECT_DIR)/Carthage/Build/iOS",
				);
				INFOPLIST_FILE = SwiftDDP/Info.plist;
				INSTALL_PATH = "$(LOCAL_LIBRARY_DIR)/Frameworks";
				LD_RUNPATH_SEARCH_PATHS = "$(inherited) @executable_path/Frameworks @loader_path/Frameworks";
				PRODUCT_BUNDLE_IDENTIFIER = io.houndfish.SwiftDDP;
				PRODUCT_NAME = "$(TARGET_NAME)";
				SKIP_INSTALL = YES;
				SWIFT_VERSION = 3.0;
			};
			name = Release;
		};
		D02A725C1BBF07AF00940C17 /* Debug */ = {
			isa = XCBuildConfiguration;
			buildSettings = {
				ENABLE_TESTABILITY = YES;
				FRAMEWORK_SEARCH_PATHS = (
					"$(inherited)",
					"$(PROJECT_DIR)/Carthage/Build/iOS",
				);
				INFOPLIST_FILE = SwiftDDPTests/Info.plist;
				LD_RUNPATH_SEARCH_PATHS = "$(inherited) @executable_path/Frameworks @loader_path/Frameworks";
				PRODUCT_BUNDLE_IDENTIFIER = io.houndfish.SwiftDDPTests;
				PRODUCT_NAME = "$(TARGET_NAME)";
				SWIFT_VERSION = 4.0;
			};
			name = Debug;
		};
		D02A725D1BBF07AF00940C17 /* Release */ = {
			isa = XCBuildConfiguration;
			buildSettings = {
				ENABLE_TESTABILITY = YES;
				FRAMEWORK_SEARCH_PATHS = (
					"$(inherited)",
					"$(PROJECT_DIR)/Carthage/Build/iOS",
				);
				INFOPLIST_FILE = SwiftDDPTests/Info.plist;
				LD_RUNPATH_SEARCH_PATHS = "$(inherited) @executable_path/Frameworks @loader_path/Frameworks";
				PRODUCT_BUNDLE_IDENTIFIER = io.houndfish.SwiftDDPTests;
				PRODUCT_NAME = "$(TARGET_NAME)";
				SWIFT_VERSION = 4.0;
			};
			name = Release;
		};
/* End XCBuildConfiguration section */

/* Begin XCConfigurationList section */
		AA0D2ACA1D6BEEC700085B33 /* Build configuration list for PBXNativeTarget "SwiftDDP-tvOS" */ = {
			isa = XCConfigurationList;
			buildConfigurations = (
				AA0D2AC81D6BEEC700085B33 /* Debug */,
				AA0D2AC91D6BEEC700085B33 /* Release */,
			);
			defaultConfigurationIsVisible = 0;
			defaultConfigurationName = Release;
		};
		AAFDED431D6BF984000583AA /* Build configuration list for PBXNativeTarget "SwiftDDP-OSX" */ = {
			isa = XCConfigurationList;
			buildConfigurations = (
				AAFDED411D6BF984000583AA /* Debug */,
				AAFDED421D6BF984000583AA /* Release */,
			);
			defaultConfigurationIsVisible = 0;
			defaultConfigurationName = Release;
		};
		AD93F6DD2196B5A5006BCCC8 /* Build configuration list for PBXNativeTarget "SwiftDDPFramework" */ = {
			isa = XCConfigurationList;
			buildConfigurations = (
				AD93F6DE2196B5A5006BCCC8 /* Debug */,
				AD93F6DF2196B5A5006BCCC8 /* Release */,
			);
			defaultConfigurationIsVisible = 0;
			defaultConfigurationName = Release;
		};
		AD93F71C2196B7BA006BCCC8 /* Build configuration list for PBXNativeTarget "SwiftDDPTouch" */ = {
			isa = XCConfigurationList;
			buildConfigurations = (
				AD93F71D2196B7BA006BCCC8 /* Debug */,
				AD93F71E2196B7BA006BCCC8 /* Release */,
			);
			defaultConfigurationIsVisible = 0;
			defaultConfigurationName = Release;
		};
		ADF2F0D62196C60F00A671F2 /* Build configuration list for PBXNativeTarget "SwiftDDP copy" */ = {
			isa = XCConfigurationList;
			buildConfigurations = (
				ADF2F0D72196C60F00A671F2 /* Debug */,
				ADF2F0D82196C60F00A671F2 /* Release */,
			);
			defaultConfigurationIsVisible = 0;
			defaultConfigurationName = Release;
		};
		ADF2F0E52196C64D00A671F2 /* Build configuration list for PBXNativeTarget "TGSSwiftDDP" */ = {
			isa = XCConfigurationList;
			buildConfigurations = (
				ADF2F0E62196C64D00A671F2 /* Debug */,
				ADF2F0E72196C64D00A671F2 /* Release */,
			);
			defaultConfigurationIsVisible = 0;
			defaultConfigurationName = Release;
		};
		ADFB02AD2196A97F00C05B49 /* Build configuration list for PBXNativeTarget "Swift DDP Framework" */ = {
			isa = XCConfigurationList;
			buildConfigurations = (
				ADFB02AB2196A97F00C05B49 /* Debug */,
				ADFB02AC2196A97F00C05B49 /* Release */,
			);
			defaultConfigurationIsVisible = 0;
			defaultConfigurationName = Release;
		};
		D02A71D61BBEFBCA00940C17 /* Build configuration list for PBXProject "SwiftDDP" */ = {
			isa = XCConfigurationList;
			buildConfigurations = (
				D02A71EE1BBEFBCA00940C17 /* Debug */,
				D02A71EF1BBEFBCA00940C17 /* Release */,
			);
			defaultConfigurationIsVisible = 0;
			defaultConfigurationName = Release;
		};
		D02A71F01BBEFBCA00940C17 /* Build configuration list for PBXNativeTarget "SwiftDDP" */ = {
			isa = XCConfigurationList;
			buildConfigurations = (
				D02A71F11BBEFBCA00940C17 /* Debug */,
				D02A71F21BBEFBCA00940C17 /* Release */,
			);
			defaultConfigurationIsVisible = 0;
			defaultConfigurationName = Release;
		};
		D02A725B1BBF07AF00940C17 /* Build configuration list for PBXNativeTarget "SwiftDDP Tests" */ = {
			isa = XCConfigurationList;
			buildConfigurations = (
				D02A725C1BBF07AF00940C17 /* Debug */,
				D02A725D1BBF07AF00940C17 /* Release */,
			);
			defaultConfigurationIsVisible = 0;
			defaultConfigurationName = Release;
		};
/* End XCConfigurationList section */
	};
	rootObject = D02A71D31BBEFBCA00940C17 /* Project object */;
}
